
Microsoft Visual Studio Solution File, Format Version 12.00
# Visual Studio Version 17
VisualStudioVersion = 17.14.36401.2
MinimumVisualStudioVersion = 10.0.40219.1
Project("{FAE04EC0-301F-11D3-BF4B-00C04F79EFBC}") = "LabViroMol.Api", "src\LabViroMol.Api\LabViroMol.Api.csproj", "{E5B5ED4C-53A5-4F72-9B81-F7626EDA3ECA}"
EndProject
Project("{FAE04EC0-301F-11D3-BF4B-00C04F79EFBC}") = "LabViroMol.Modules.Inventory.Domain", "src\Modules\Inventory\Domain\LabViroMol.Modules.Inventory.Domain.csproj", "{C3D4E5F6-789A-01BC-DEF0-C3D4E5F6789A}"
EndProject
Project("{FAE04EC0-301F-11D3-BF4B-00C04F79EFBC}") = "LabViroMol.Modules.Shared.Kernel", "src\Modules\Shared\Kernel\LabViroMol.Modules.Shared.Kernel.csproj", "{D4E5F6A7-89AB-01CD-EF01-D4E5F6A789AB}"
EndProject
Project("{2150E333-8FDC-42A3-9474-1A3956D46DE8}") = "src", "src", "{02EA681E-C7D8-13C7-8484-4AC65E1B71E8}"
EndProject
Project("{2150E333-8FDC-42A3-9474-1A3956D46DE8}") = "tests", "tests", "{EBE93496-1753-4862-9A63-22E025E59F2C}"
EndProject
Project("{2150E333-8FDC-42A3-9474-1A3956D46DE8}") = "Modules", "Modules", "{2BDB71FA-3CB0-4E86-A2CE-9176CC2034D5}"
EndProject
Project("{2150E333-8FDC-42A3-9474-1A3956D46DE8}") = "Inventory", "Inventory", "{A1B2C3D4-5678-90AB-CDEF-A1B2C3D45678}"
EndProject
Project("{2150E333-8FDC-42A3-9474-1A3956D46DE8}") = "Shared", "Shared", "{B2C3D4E5-6789-01AB-CDEF-B2C3D4E56789}"
EndProject
Project("{2150E333-8FDC-42A3-9474-1A3956D46DE8}") = "Application", "Application", "{A6F94C66-2430-453E-A760-31562F7D154E}"
EndProject
Project("{2150E333-8FDC-42A3-9474-1A3956D46DE8}") = "Domain", "Domain", "{E5F6A7B8-9ABC-01DE-F123-456789ABCDEF}"
EndProject
Project("{2150E333-8FDC-42A3-9474-1A3956D46DE8}") = "Kernel", "Kernel", "{F6A7B8C9-ABCD-01EF-2345-678901ABCDEF}"
EndProject
Project("{FAE04EC0-301F-11D3-BF4B-00C04F79EFBC}") = "LabViroMol.Modules.Inventory.Application", "src\Modules\Inventory\Application\LabViroMol.Modules.Inventory.Application.csproj", "{9AE6F106-58D9-4652-9462-A56CED2B5920}"
EndProject
Project("{2150E333-8FDC-42A3-9474-1A3956D46DE8}") = "Infrastructure", "Infrastructure", "{46023E72-DF44-4994-9A07-0FE30A50824F}"
EndProject
Project("{FAE04EC0-301F-11D3-BF4B-00C04F79EFBC}") = "LabViroMol.Modules.Shared.Infrastructure", "src\Modules\Shared\Infrastructure\LabViroMol.Modules.Shared.Infrastructure.csproj", "{2AA8C983-59AF-4C0F-A326-C2424070D7DB}"
EndProject
Project("{2150E333-8FDC-42A3-9474-1A3956D46DE8}") = "UnitTests", "UnitTests", "{0359F9E7-8135-4077-97FF-5FDE2D80C1C6}"
EndProject
Project("{2150E333-8FDC-42A3-9474-1A3956D46DE8}") = "IntegrationTests", "IntegrationTests", "{1257C29E-61F1-4854-9AE8-02D0FA1A6F8E}"
EndProject
Project("{2150E333-8FDC-42A3-9474-1A3956D46DE8}") = "Modules", "Modules", "{827281F7-33FC-4ACF-A195-886122BF3481}"
EndProject
Project("{2150E333-8FDC-42A3-9474-1A3956D46DE8}") = "Inventory", "Inventory", "{D57B02AE-F9D2-46FE-946F-7D37A3056665}"
EndProject
Project("{FAE04EC0-301F-11D3-BF4B-00C04F79EFBC}") = "LabViroMol.Modules.Inventory.Domain.UnitTests", "tests\UnitTests\Modules\Inventory\Domain\LabViroMol.Modules.Inventory.Domain.UnitTests.csproj", "{AEE75B79-ACD2-40EA-A35E-78076F43A9DA}"
EndProject
Project("{2150E333-8FDC-42A3-9474-1A3956D46DE8}") = "Domain", "Domain", "{0785196D-03EF-481C-B8A7-05083CAEC3A3}"
EndProject
Project("{2150E333-8FDC-42A3-9474-1A3956D46DE8}") = "Presentation", "Presentation", "{3EFBF16B-4D16-47F2-A33B-4F1948796BCA}"
EndProject
Project("{FAE04EC0-301F-11D3-BF4B-00C04F79EFBC}") = "LabViroMol.Modules.Inventory.Presentation", "src\Modules\Inventory\Presentation\LabViroMol.Modules.Inventory.Presentation.csproj", "{F53AC37E-3D2E-435B-9E4C-1F371758C254}"
EndProject
Project("{2150E333-8FDC-42A3-9474-1A3956D46DE8}") = "Infrastructure", "Infrastructure", "{88A77EAB-D766-4841-9E64-7B716E84CF18}"
EndProject
Project("{FAE04EC0-301F-11D3-BF4B-00C04F79EFBC}") = "LabViroMol.Modules.Inventory.Infrastructure", "src\Modules\Inventory\Infrastructure\LabViroMol.Modules.Inventory.Infrastructure.csproj", "{1FBD6CEC-15CE-4FA5-944A-C01B48C9EA8A}"
EndProject
Project("{2150E333-8FDC-42A3-9474-1A3956D46DE8}") = "Modules", "Modules", "{BE3AF575-4C87-4A91-9DCF-66A73BB6F055}"
EndProject
Project("{2150E333-8FDC-42A3-9474-1A3956D46DE8}") = "Inventory", "Inventory", "{7B0DEB8A-C1A1-4782-B34B-E185F8EE6047}"
EndProject
Project("{FAE04EC0-301F-11D3-BF4B-00C04F79EFBC}") = "LabViroMol.Modules.Inventory.IntegrationTests", "tests\IntegrationTests\Modules\Inventory\LabViroMol.Modules.Inventory.IntegrationTests.csproj", "{93E7CF92-C596-4AE1-BEFD-93BF0AAC3C82}"
EndProject
Project("{2150E333-8FDC-42A3-9474-1A3956D46DE8}") = "Scheduling", "Scheduling", "{43B77451-CBDA-4B62-B049-BA7E1462723E}"
EndProject
Project("{2150E333-8FDC-42A3-9474-1A3956D46DE8}") = "Domain", "Domain", "{593633F8-84CF-4FD6-A908-D7A88E6DC5A9}"
EndProject
Project("{FAE04EC0-301F-11D3-BF4B-00C04F79EFBC}") = "LabViroMol.Modules.Scheduling.Domain", "src\Modules\Scheduling\Domain\LabViroMol.Modules.Scheduling.Domain.csproj", "{F4A14410-2A57-4A06-9A46-80D7318E0511}"
EndProject
Project("{2150E333-8FDC-42A3-9474-1A3956D46DE8}") = "Infrastructure", "Infrastructure", "{9C14036B-8292-4FA8-BBC2-F1F3A01490CA}"
EndProject
Project("{FAE04EC0-301F-11D3-BF4B-00C04F79EFBC}") = "LabViroMol.Modules.Scheduling.Infrastructure", "src\Modules\Scheduling\Infrastructure\LabViroMol.Modules.Scheduling.Infrastructure.csproj", "{3BB58F69-DB52-467D-B81D-888F426C3DA7}"
EndProject
Project("{2150E333-8FDC-42A3-9474-1A3956D46DE8}") = "Presentation", "Presentation", "{2E62F6DB-B673-45EB-BEA7-677B80FB43D3}"
EndProject
Project("{FAE04EC0-301F-11D3-BF4B-00C04F79EFBC}") = "LabViroMol.Modules.Scheduling.Presentation", "src\Modules\Scheduling\Presentation\LabViroMol.Modules.Scheduling.Presentation.csproj", "{E05E682C-4116-4DA7-B319-DB2892593D32}"
EndProject
Project("{2150E333-8FDC-42A3-9474-1A3956D46DE8}") = "Application", "Application", "{6E4C84AC-074B-40E8-ADA3-D37F10DEE3CB}"
EndProject
Project("{FAE04EC0-301F-11D3-BF4B-00C04F79EFBC}") = "LabViroMol.Modules.Scheduling.Application", "src\Modules\Scheduling\Application\LabViroMol.Modules.Scheduling.Application.csproj", "{DDDE06F8-A7BC-49C8-8659-7B9831F8A12A}"
EndProject
Project("{2150E333-8FDC-42A3-9474-1A3956D46DE8}") = "Scheduling", "Scheduling", "{21301EEF-6450-424D-BF3F-63E66A0472A6}"
EndProject
Project("{2150E333-8FDC-42A3-9474-1A3956D46DE8}") = "Domain", "Domain", "{00B9D33B-D4A2-49EB-AE75-7CDCA557D317}"
EndProject
Project("{FAE04EC0-301F-11D3-BF4B-00C04F79EFBC}") = "LabViroMol.Modules.Scheduling.Domain.UnitTests", "tests\UnitTests\Modules\Scheduling\LabViroMol.Modules.Scheduling.Domain.UnitTests.csproj", "{67E4CC6D-9CD7-4EFA-9E4B-2986FCDB51E1}"
EndProject
Project("{2150E333-8FDC-42A3-9474-1A3956D46DE8}") = "Assets", "Assets", "{502CD62A-7DC4-4095-AABD-F69A71B89C25}"
EndProject
Project("{2150E333-8FDC-42A3-9474-1A3956D46DE8}") = "Application", "Application", "{CB2788F4-B388-42F9-AADD-D4400D0E0409}"
EndProject
Project("{2150E333-8FDC-42A3-9474-1A3956D46DE8}") = "Domain", "Domain", "{14FF1F7C-BBAB-431E-85EC-97AFB2E264AF}"
EndProject
Project("{2150E333-8FDC-42A3-9474-1A3956D46DE8}") = "Infrastructure", "Infrastructure", "{93978B02-4C77-4624-A982-2E428320F5B1}"
EndProject
Project("{2150E333-8FDC-42A3-9474-1A3956D46DE8}") = "Presentation", "Presentation", "{0F5A1A27-0B5B-4B9C-A292-91D60B4FEF46}"
EndProject
Project("{FAE04EC0-301F-11D3-BF4B-00C04F79EFBC}") = "LabViroMol.Modules.Assets.Domain", "src\Modules\Assets\Domain\LabViroMol.Modules.Assets.Domain.csproj", "{7D29ED1A-3A6D-4D6E-ACB6-341C1C6F82B5}"
EndProject
Project("{FAE04EC0-301F-11D3-BF4B-00C04F79EFBC}") = "LabViroMol.Modules.Assets.Infrastructure", "src\Modules\Assets\Infrastructure\LabViroMol.Modules.Assets.Infrastructure.csproj", "{91BAFBC1-6108-43E6-8A25-B7F1E7AED440}"
EndProject
Project("{FAE04EC0-301F-11D3-BF4B-00C04F79EFBC}") = "LabViroMol.Modules.Assets.Application", "src\Modules\Assets\Application\LabViroMol.Modules.Assets.Application.csproj", "{4F065366-12A7-46D2-8B93-8D3732F750E2}"
EndProject
Project("{FAE04EC0-301F-11D3-BF4B-00C04F79EFBC}") = "LabViroMol.Modules.Assets.Presentation", "src\Modules\Assets\Presentation\LabViroMol.Modules.Assets.Presentation.csproj", "{7E691D59-459E-479B-BCC6-29FFB16DD4DD}"
EndProject
Project("{2150E333-8FDC-42A3-9474-1A3956D46DE8}") = "Assets", "Assets", "{49E90B7C-EE8C-4F98-81F4-6DC250ADB106}"
EndProject
Project("{2150E333-8FDC-42A3-9474-1A3956D46DE8}") = "Domain", "Domain", "{245A7815-CECD-4A14-AD4E-310EB238DD40}"
EndProject
Project("{FAE04EC0-301F-11D3-BF4B-00C04F79EFBC}") = "LabViroMol.Modules.Assets.Domain.UnitTests", "tests\UnitTests\Modules\LabViroMol.Modules.Assets.Domain.UnitTests\LabViroMol.Modules.Assets.Domain.UnitTests.csproj", "{3F318999-3741-42B8-A282-38F0B0EFC9F4}"
EndProject
Project("{2150E333-8FDC-42A3-9474-1A3956D46DE8}") = "Research", "Research", "{DC179888-0B74-44B6-8FF8-EE1C1BC8E9BD}"
EndProject
Project("{2150E333-8FDC-42A3-9474-1A3956D46DE8}") = "Application", "Application", "{414F5A38-0C11-4571-80A6-722A47148F55}"
EndProject
Project("{2150E333-8FDC-42A3-9474-1A3956D46DE8}") = "Domain", "Domain", "{D4572006-DFEF-4686-8BDD-C215A5307571}"
EndProject
Project("{2150E333-8FDC-42A3-9474-1A3956D46DE8}") = "Infrastructure", "Infrastructure", "{BF6017EE-6E93-4DEC-97C3-286B4440C457}"
EndProject
Project("{2150E333-8FDC-42A3-9474-1A3956D46DE8}") = "Presentation", "Presentation", "{FBA7CF5D-1A33-4A99-B6E9-F5913D5CD197}"
EndProject
Project("{FAE04EC0-301F-11D3-BF4B-00C04F79EFBC}") = "LabViroMol.Modules.Research.Application", "src\Modules\Research\Application\LabViroMol.Modules.Research.Application.csproj", "{65EC553F-5BFF-4822-AA9C-D7020E424B53}"
EndProject
Project("{FAE04EC0-301F-11D3-BF4B-00C04F79EFBC}") = "LabViroMol.Modules.Research.Domain", "src\Modules\Research\Domain\LabViroMol.Modules.Research.Domain.csproj", "{13C1B2B6-6F04-410F-8311-EA9D93191F89}"
EndProject
Project("{FAE04EC0-301F-11D3-BF4B-00C04F79EFBC}") = "LabViroMol.Modules.Research.Infrastructure", "src\Modules\Research\Infrastructure\LabViroMol.Modules.Research.Infrastructure.csproj", "{E93206DD-0A51-418C-B996-66862B3EE6CE}"
EndProject
Project("{FAE04EC0-301F-11D3-BF4B-00C04F79EFBC}") = "LabViroMol.Modules.Research.Presentation", "src\Modules\Research\Presentation\LabViroMol.Modules.Research.Presentation.csproj", "{E087761E-D065-4533-B7A9-6EC28225DC1B}"
EndProject
Project("{2150E333-8FDC-42A3-9474-1A3956D46DE8}") = "Contracts", "Contracts", "{DB2C778A-CB0B-4F00-8575-C985697A7481}"
EndProject
Project("{FAE04EC0-301F-11D3-BF4B-00C04F79EFBC}") = "LabViroMol.Modules.Research.Contracts", "src\Modules\Research\Contracts\LabViroMol.Modules.Research.Contracts.csproj", "{26E0604F-840E-48FC-A3E7-F84E95F90825}"
EndProject
Project("{2150E333-8FDC-42A3-9474-1A3956D46DE8}") = "Research", "Research", "{06C6B435-299E-90FE-94A6-F5420DC4A9D3}"
EndProject
Project("{2150E333-8FDC-42A3-9474-1A3956D46DE8}") = "Domain", "Domain", "{F9A28B3B-BAC9-08C3-8A09-0CD7A5B879B3}"
EndProject
Project("{FAE04EC0-301F-11D3-BF4B-00C04F79EFBC}") = "LabViroMol.Modules.Research.Domain.UnitTests", "tests\UnitTests\Modules\Research\Domain\LabViroMol.Modules.Research.Domain.UnitTests.csproj", "{215AE075-9078-4DA6-9A66-70E452DF11DE}"
EndProject
Project("{2150E333-8FDC-42A3-9474-1A3956D46DE8}") = "Research", "Research", "{49966703-A052-86C2-5F6E-923741DDE3B3}"
EndProject
Project("{FAE04EC0-301F-11D3-BF4B-00C04F79EFBC}") = "LabViroMol.Modules.Research.IntegrationTests", "tests\IntegrationTests\Modules\Research\LabViroMol.Modules.Research.IntegrationTests.csproj", "{7E3A4646-4BCE-4869-9685-931389F34642}"
EndProject
Project("{2150E333-8FDC-42A3-9474-1A3956D46DE8}") = "Identity", "Identity", "{89430709-6EB4-072C-9B61-C9FC019FF88E}"
EndProject
Project("{2150E333-8FDC-42A3-9474-1A3956D46DE8}") = "Domain", "Domain", "{BA782584-DF54-7F11-B464-411BDAFE13B0}"
EndProject
Project("{FAE04EC0-301F-11D3-BF4B-00C04F79EFBC}") = "LabViroMol.Modules.Identity.Domain", "src\Modules\Identity\Domain\LabViroMol.Modules.Identity.Domain.csproj", "{42F210C7-59F8-402F-85D6-00D7BC683CA5}"
EndProject
Project("{2150E333-8FDC-42A3-9474-1A3956D46DE8}") = "Infrastructure", "Infrastructure", "{18E26556-A49D-4B48-E3EC-C7C5FBAC784E}"
EndProject
Project("{FAE04EC0-301F-11D3-BF4B-00C04F79EFBC}") = "LabViroMol.Modules.Identity.Infrastructure", "src\Modules\Identity\Infrastructure\LabViroMol.Modules.Identity.Infrastructure.csproj", "{09955D72-E7EF-470B-B472-A965A3BF9750}"
EndProject
Project("{2150E333-8FDC-42A3-9474-1A3956D46DE8}") = "Application", "Application", "{8C2840F8-BF14-C48D-79BF-78FE2E53743F}"
EndProject
Project("{FAE04EC0-301F-11D3-BF4B-00C04F79EFBC}") = "LabViroMol.Modules.Identity.Application", "src\Modules\Identity\Application\LabViroMol.Modules.Identity.Application.csproj", "{31D072C6-7F80-4DD1-A297-378B7C5B66E3}"
EndProject
Project("{2150E333-8FDC-42A3-9474-1A3956D46DE8}") = "Presentation", "Presentation", "{9208C502-ACD7-EF91-7365-684A2065F17D}"
EndProject
Project("{FAE04EC0-301F-11D3-BF4B-00C04F79EFBC}") = "LabViroMol.Modules.Identity.Presentation", "src\Modules\Identity\Presentation\LabViroMol.Modules.Identity.Presentation.csproj", "{0B11FCE2-8223-47B8-8CE4-8C2D2D9264A2}"
EndProject
Project("{2150E333-8FDC-42A3-9474-1A3956D46DE8}") = "Contracts", "Contracts", "{C565E042-9C32-444B-0425-FB82FD2CEB5F}"
EndProject
Project("{FAE04EC0-301F-11D3-BF4B-00C04F79EFBC}") = "LabViroMol.Modules.Identity.Contracts", "src\Modules\Identity\Contracts\LabViroMol.Modules.Identity.Contracts.csproj", "{442CC49F-BD49-40E4-BF28-B1DF34C04DA5}"
EndProject
Project("{2150E333-8FDC-42A3-9474-1A3956D46DE8}") = "Identity", "Identity", "{2886F787-8680-B08B-8172-A331626FA021}"
EndProject
Project("{2150E333-8FDC-42A3-9474-1A3956D46DE8}") = "Domain", "Domain", "{89AFA019-BF3F-2457-5701-A62AD593E066}"
EndProject
Project("{FAE04EC0-301F-11D3-BF4B-00C04F79EFBC}") = "LabViroMol.Modules.Identity.Domain.UnitTests", "tests\UnitTests\Modules\Identity\Domain\LabViroMol.Modules.Identity.Domain.UnitTests.csproj", "{5E0E6995-FE9A-47EC-A1E7-2FB64D648205}"
EndProject
Project("{2150E333-8FDC-42A3-9474-1A3956D46DE8}") = "Identity", "Identity", "{A36F4F22-8636-7096-9E5B-890FA79F48BB}"
EndProject
Project("{FAE04EC0-301F-11D3-BF4B-00C04F79EFBC}") = "LabViroMol.Modules.Identity.IntegrationTests", "tests\IntegrationTests\Modules\Identity\LabViroMol.Modules.Identity.IntegrationTests.csproj", "{7F25B413-AEF5-43D0-AE85-88AC41C76962}"
EndProject
Project("{2150E333-8FDC-42A3-9474-1A3956D46DE8}") = "Notify", "Notify", "{E4DBE315-EC8F-4D48-A6DB-7B0FD6B4BBC9}"
EndProject
Project("{2150E333-8FDC-42A3-9474-1A3956D46DE8}") = "Domain", "Domain", "{DFF8C55D-1AB5-438E-B086-F2FC83C3E282}"
EndProject
Project("{FAE04EC0-301F-11D3-BF4B-00C04F79EFBC}") = "LabViroMol.Modules.Notify.Domain", "src\Modules\Notify\Domain\LabViroMol.Modules.Notify.Domain.csproj", "{D4465672-62EB-4E4F-B064-7A448606DF9B}"
EndProject
Project("{2150E333-8FDC-42A3-9474-1A3956D46DE8}") = "Infrastructure", "Infrastructure", "{9B30D0DF-3C94-4700-BFD6-FBE59197C49D}"
EndProject
Project("{FAE04EC0-301F-11D3-BF4B-00C04F79EFBC}") = "LabViroMol.Modules.Notify.Infrastructure", "src\Modules\Notify\Infrastructure\LabViroMol.Modules.Notify.Infrastructure.csproj", "{EEE7D930-FB68-4DF2-8794-82399A507B0F}"
EndProject
Project("{2150E333-8FDC-42A3-9474-1A3956D46DE8}") = "Application", "Application", "{3F7A00D2-BE75-4239-94C3-A041FCB37C97}"
EndProject
Project("{FAE04EC0-301F-11D3-BF4B-00C04F79EFBC}") = "LabViroMol.Modules.Notify.Application", "src\Modules\Notify\Application\LabViroMol.Modules.Notify.Application.csproj", "{082A4DA3-47A9-4EEF-8B79-B59AA3366C97}"
EndProject
Project("{2150E333-8FDC-42A3-9474-1A3956D46DE8}") = "Contracts", "Contracts", "{16BFE4EF-C39F-4BAA-96A6-5E7819A23F1C}"
EndProject
Project("{FAE04EC0-301F-11D3-BF4B-00C04F79EFBC}") = "LabViroMol.Modules.Notify.Contracts", "src\Modules\Notify\Contracts\LabViroMol.Modules.Notify.Contracts.csproj", "{1599EEE6-18EA-4335-9776-66D1EA975D03}"
EndProject
Project("{2150E333-8FDC-42A3-9474-1A3956D46DE8}") = "Presentation", "Presentation", "{5AD1DEDA-661D-4946-8771-643E875C0FC3}"
EndProject
Project("{FAE04EC0-301F-11D3-BF4B-00C04F79EFBC}") = "LabViroMol.Modules.Notify.Presentation", "src\Modules\Notify\Presentation\LabViroMol.Modules.Notify.Presentation.csproj", "{6740329F-5994-4014-8ADA-9E37261150B7}"
EndProject
Project("{2150E333-8FDC-42A3-9474-1A3956D46DE8}") = "Contracts", "Contracts", "{FE8C1504-0BE1-4576-9EB9-635412B1CE80}"
EndProject
Project("{FAE04EC0-301F-11D3-BF4B-00C04F79EFBC}") = "LabViroMol.Modules.Scheduling.Contracts", "src\Modules\Scheduling\Contracts\LabViroMol.Modules.Scheduling.Contracts\LabViroMol.Modules.Scheduling.Contracts.csproj", "{39BC7CB9-A0B6-4733-8D8B-C32071078635}"
EndProject
Global
	GlobalSection(SolutionConfigurationPlatforms) = preSolution
		Debug|Any CPU = Debug|Any CPU
		Debug|x64 = Debug|x64
		Debug|x86 = Debug|x86
		Release|Any CPU = Release|Any CPU
		Release|x64 = Release|x64
		Release|x86 = Release|x86
	EndGlobalSection
	GlobalSection(ProjectConfigurationPlatforms) = postSolution
		{E5B5ED4C-53A5-4F72-9B81-F7626EDA3ECA}.Debug|Any CPU.ActiveCfg = Debug|Any CPU
		{E5B5ED4C-53A5-4F72-9B81-F7626EDA3ECA}.Debug|Any CPU.Build.0 = Debug|Any CPU
		{E5B5ED4C-53A5-4F72-9B81-F7626EDA3ECA}.Debug|x64.ActiveCfg = Debug|Any CPU
		{E5B5ED4C-53A5-4F72-9B81-F7626EDA3ECA}.Debug|x64.Build.0 = Debug|Any CPU
		{E5B5ED4C-53A5-4F72-9B81-F7626EDA3ECA}.Debug|x86.ActiveCfg = Debug|Any CPU
		{E5B5ED4C-53A5-4F72-9B81-F7626EDA3ECA}.Debug|x86.Build.0 = Debug|Any CPU
		{E5B5ED4C-53A5-4F72-9B81-F7626EDA3ECA}.Release|Any CPU.ActiveCfg = Release|Any CPU
		{E5B5ED4C-53A5-4F72-9B81-F7626EDA3ECA}.Release|Any CPU.Build.0 = Release|Any CPU
		{E5B5ED4C-53A5-4F72-9B81-F7626EDA3ECA}.Release|x64.ActiveCfg = Release|Any CPU
		{E5B5ED4C-53A5-4F72-9B81-F7626EDA3ECA}.Release|x64.Build.0 = Release|Any CPU
		{E5B5ED4C-53A5-4F72-9B81-F7626EDA3ECA}.Release|x86.ActiveCfg = Release|Any CPU
		{E5B5ED4C-53A5-4F72-9B81-F7626EDA3ECA}.Release|x86.Build.0 = Release|Any CPU
		{C3D4E5F6-789A-01BC-DEF0-C3D4E5F6789A}.Debug|Any CPU.ActiveCfg = Debug|Any CPU
		{C3D4E5F6-789A-01BC-DEF0-C3D4E5F6789A}.Debug|Any CPU.Build.0 = Debug|Any CPU
		{C3D4E5F6-789A-01BC-DEF0-C3D4E5F6789A}.Debug|x64.ActiveCfg = Debug|Any CPU
		{C3D4E5F6-789A-01BC-DEF0-C3D4E5F6789A}.Debug|x64.Build.0 = Debug|Any CPU
		{C3D4E5F6-789A-01BC-DEF0-C3D4E5F6789A}.Debug|x86.ActiveCfg = Debug|Any CPU
		{C3D4E5F6-789A-01BC-DEF0-C3D4E5F6789A}.Debug|x86.Build.0 = Debug|Any CPU
		{C3D4E5F6-789A-01BC-DEF0-C3D4E5F6789A}.Release|Any CPU.ActiveCfg = Release|Any CPU
		{C3D4E5F6-789A-01BC-DEF0-C3D4E5F6789A}.Release|Any CPU.Build.0 = Release|Any CPU
		{C3D4E5F6-789A-01BC-DEF0-C3D4E5F6789A}.Release|x64.ActiveCfg = Release|Any CPU
		{C3D4E5F6-789A-01BC-DEF0-C3D4E5F6789A}.Release|x64.Build.0 = Release|Any CPU
		{C3D4E5F6-789A-01BC-DEF0-C3D4E5F6789A}.Release|x86.ActiveCfg = Release|Any CPU
		{C3D4E5F6-789A-01BC-DEF0-C3D4E5F6789A}.Release|x86.Build.0 = Release|Any CPU
		{D4E5F6A7-89AB-01CD-EF01-D4E5F6A789AB}.Debug|Any CPU.ActiveCfg = Debug|Any CPU
		{D4E5F6A7-89AB-01CD-EF01-D4E5F6A789AB}.Debug|Any CPU.Build.0 = Debug|Any CPU
		{D4E5F6A7-89AB-01CD-EF01-D4E5F6A789AB}.Debug|x64.ActiveCfg = Debug|Any CPU
		{D4E5F6A7-89AB-01CD-EF01-D4E5F6A789AB}.Debug|x64.Build.0 = Debug|Any CPU
		{D4E5F6A7-89AB-01CD-EF01-D4E5F6A789AB}.Debug|x86.ActiveCfg = Debug|Any CPU
		{D4E5F6A7-89AB-01CD-EF01-D4E5F6A789AB}.Debug|x86.Build.0 = Debug|Any CPU
		{D4E5F6A7-89AB-01CD-EF01-D4E5F6A789AB}.Release|Any CPU.ActiveCfg = Release|Any CPU
		{D4E5F6A7-89AB-01CD-EF01-D4E5F6A789AB}.Release|Any CPU.Build.0 = Release|Any CPU
		{D4E5F6A7-89AB-01CD-EF01-D4E5F6A789AB}.Release|x64.ActiveCfg = Release|Any CPU
		{D4E5F6A7-89AB-01CD-EF01-D4E5F6A789AB}.Release|x64.Build.0 = Release|Any CPU
		{D4E5F6A7-89AB-01CD-EF01-D4E5F6A789AB}.Release|x86.ActiveCfg = Release|Any CPU
		{D4E5F6A7-89AB-01CD-EF01-D4E5F6A789AB}.Release|x86.Build.0 = Release|Any CPU
		{9AE6F106-58D9-4652-9462-A56CED2B5920}.Debug|Any CPU.ActiveCfg = Debug|Any CPU
		{9AE6F106-58D9-4652-9462-A56CED2B5920}.Debug|Any CPU.Build.0 = Debug|Any CPU
		{9AE6F106-58D9-4652-9462-A56CED2B5920}.Debug|x64.ActiveCfg = Debug|Any CPU
		{9AE6F106-58D9-4652-9462-A56CED2B5920}.Debug|x64.Build.0 = Debug|Any CPU
		{9AE6F106-58D9-4652-9462-A56CED2B5920}.Debug|x86.ActiveCfg = Debug|Any CPU
		{9AE6F106-58D9-4652-9462-A56CED2B5920}.Debug|x86.Build.0 = Debug|Any CPU
		{9AE6F106-58D9-4652-9462-A56CED2B5920}.Release|Any CPU.ActiveCfg = Release|Any CPU
		{9AE6F106-58D9-4652-9462-A56CED2B5920}.Release|Any CPU.Build.0 = Release|Any CPU
		{9AE6F106-58D9-4652-9462-A56CED2B5920}.Release|x64.ActiveCfg = Release|Any CPU
		{9AE6F106-58D9-4652-9462-A56CED2B5920}.Release|x64.Build.0 = Release|Any CPU
		{9AE6F106-58D9-4652-9462-A56CED2B5920}.Release|x86.ActiveCfg = Release|Any CPU
		{9AE6F106-58D9-4652-9462-A56CED2B5920}.Release|x86.Build.0 = Release|Any CPU
		{2AA8C983-59AF-4C0F-A326-C2424070D7DB}.Debug|Any CPU.ActiveCfg = Debug|Any CPU
		{2AA8C983-59AF-4C0F-A326-C2424070D7DB}.Debug|Any CPU.Build.0 = Debug|Any CPU
		{2AA8C983-59AF-4C0F-A326-C2424070D7DB}.Debug|x64.ActiveCfg = Debug|Any CPU
		{2AA8C983-59AF-4C0F-A326-C2424070D7DB}.Debug|x64.Build.0 = Debug|Any CPU
		{2AA8C983-59AF-4C0F-A326-C2424070D7DB}.Debug|x86.ActiveCfg = Debug|Any CPU
		{2AA8C983-59AF-4C0F-A326-C2424070D7DB}.Debug|x86.Build.0 = Debug|Any CPU
		{2AA8C983-59AF-4C0F-A326-C2424070D7DB}.Release|Any CPU.ActiveCfg = Release|Any CPU
		{2AA8C983-59AF-4C0F-A326-C2424070D7DB}.Release|Any CPU.Build.0 = Release|Any CPU
		{2AA8C983-59AF-4C0F-A326-C2424070D7DB}.Release|x64.ActiveCfg = Release|Any CPU
		{2AA8C983-59AF-4C0F-A326-C2424070D7DB}.Release|x64.Build.0 = Release|Any CPU
		{2AA8C983-59AF-4C0F-A326-C2424070D7DB}.Release|x86.ActiveCfg = Release|Any CPU
		{2AA8C983-59AF-4C0F-A326-C2424070D7DB}.Release|x86.Build.0 = Release|Any CPU
		{AEE75B79-ACD2-40EA-A35E-78076F43A9DA}.Debug|Any CPU.ActiveCfg = Debug|Any CPU
		{AEE75B79-ACD2-40EA-A35E-78076F43A9DA}.Debug|Any CPU.Build.0 = Debug|Any CPU
		{AEE75B79-ACD2-40EA-A35E-78076F43A9DA}.Debug|x64.ActiveCfg = Debug|Any CPU
		{AEE75B79-ACD2-40EA-A35E-78076F43A9DA}.Debug|x64.Build.0 = Debug|Any CPU
		{AEE75B79-ACD2-40EA-A35E-78076F43A9DA}.Debug|x86.ActiveCfg = Debug|Any CPU
		{AEE75B79-ACD2-40EA-A35E-78076F43A9DA}.Debug|x86.Build.0 = Debug|Any CPU
		{AEE75B79-ACD2-40EA-A35E-78076F43A9DA}.Release|Any CPU.ActiveCfg = Release|Any CPU
		{AEE75B79-ACD2-40EA-A35E-78076F43A9DA}.Release|Any CPU.Build.0 = Release|Any CPU
		{AEE75B79-ACD2-40EA-A35E-78076F43A9DA}.Release|x64.ActiveCfg = Release|Any CPU
		{AEE75B79-ACD2-40EA-A35E-78076F43A9DA}.Release|x64.Build.0 = Release|Any CPU
		{AEE75B79-ACD2-40EA-A35E-78076F43A9DA}.Release|x86.ActiveCfg = Release|Any CPU
		{AEE75B79-ACD2-40EA-A35E-78076F43A9DA}.Release|x86.Build.0 = Release|Any CPU
		{F53AC37E-3D2E-435B-9E4C-1F371758C254}.Debug|Any CPU.ActiveCfg = Debug|Any CPU
		{F53AC37E-3D2E-435B-9E4C-1F371758C254}.Debug|Any CPU.Build.0 = Debug|Any CPU
		{F53AC37E-3D2E-435B-9E4C-1F371758C254}.Debug|x64.ActiveCfg = Debug|Any CPU
		{F53AC37E-3D2E-435B-9E4C-1F371758C254}.Debug|x64.Build.0 = Debug|Any CPU
		{F53AC37E-3D2E-435B-9E4C-1F371758C254}.Debug|x86.ActiveCfg = Debug|Any CPU
		{F53AC37E-3D2E-435B-9E4C-1F371758C254}.Debug|x86.Build.0 = Debug|Any CPU
		{F53AC37E-3D2E-435B-9E4C-1F371758C254}.Release|Any CPU.ActiveCfg = Release|Any CPU
		{F53AC37E-3D2E-435B-9E4C-1F371758C254}.Release|Any CPU.Build.0 = Release|Any CPU
		{F53AC37E-3D2E-435B-9E4C-1F371758C254}.Release|x64.ActiveCfg = Release|Any CPU
		{F53AC37E-3D2E-435B-9E4C-1F371758C254}.Release|x64.Build.0 = Release|Any CPU
		{F53AC37E-3D2E-435B-9E4C-1F371758C254}.Release|x86.ActiveCfg = Release|Any CPU
		{F53AC37E-3D2E-435B-9E4C-1F371758C254}.Release|x86.Build.0 = Release|Any CPU
		{1FBD6CEC-15CE-4FA5-944A-C01B48C9EA8A}.Debug|Any CPU.ActiveCfg = Debug|Any CPU
		{1FBD6CEC-15CE-4FA5-944A-C01B48C9EA8A}.Debug|Any CPU.Build.0 = Debug|Any CPU
		{1FBD6CEC-15CE-4FA5-944A-C01B48C9EA8A}.Debug|x64.ActiveCfg = Debug|Any CPU
		{1FBD6CEC-15CE-4FA5-944A-C01B48C9EA8A}.Debug|x64.Build.0 = Debug|Any CPU
		{1FBD6CEC-15CE-4FA5-944A-C01B48C9EA8A}.Debug|x86.ActiveCfg = Debug|Any CPU
		{1FBD6CEC-15CE-4FA5-944A-C01B48C9EA8A}.Debug|x86.Build.0 = Debug|Any CPU
		{1FBD6CEC-15CE-4FA5-944A-C01B48C9EA8A}.Release|Any CPU.ActiveCfg = Release|Any CPU
		{1FBD6CEC-15CE-4FA5-944A-C01B48C9EA8A}.Release|Any CPU.Build.0 = Release|Any CPU
		{1FBD6CEC-15CE-4FA5-944A-C01B48C9EA8A}.Release|x64.ActiveCfg = Release|Any CPU
		{1FBD6CEC-15CE-4FA5-944A-C01B48C9EA8A}.Release|x64.Build.0 = Release|Any CPU
		{1FBD6CEC-15CE-4FA5-944A-C01B48C9EA8A}.Release|x86.ActiveCfg = Release|Any CPU
		{1FBD6CEC-15CE-4FA5-944A-C01B48C9EA8A}.Release|x86.Build.0 = Release|Any CPU
		{93E7CF92-C596-4AE1-BEFD-93BF0AAC3C82}.Debug|Any CPU.ActiveCfg = Debug|Any CPU
		{93E7CF92-C596-4AE1-BEFD-93BF0AAC3C82}.Debug|Any CPU.Build.0 = Debug|Any CPU
		{93E7CF92-C596-4AE1-BEFD-93BF0AAC3C82}.Debug|x64.ActiveCfg = Debug|Any CPU
		{93E7CF92-C596-4AE1-BEFD-93BF0AAC3C82}.Debug|x64.Build.0 = Debug|Any CPU
		{93E7CF92-C596-4AE1-BEFD-93BF0AAC3C82}.Debug|x86.ActiveCfg = Debug|Any CPU
		{93E7CF92-C596-4AE1-BEFD-93BF0AAC3C82}.Debug|x86.Build.0 = Debug|Any CPU
		{93E7CF92-C596-4AE1-BEFD-93BF0AAC3C82}.Release|Any CPU.ActiveCfg = Release|Any CPU
		{93E7CF92-C596-4AE1-BEFD-93BF0AAC3C82}.Release|Any CPU.Build.0 = Release|Any CPU
		{93E7CF92-C596-4AE1-BEFD-93BF0AAC3C82}.Release|x64.ActiveCfg = Release|Any CPU
		{93E7CF92-C596-4AE1-BEFD-93BF0AAC3C82}.Release|x64.Build.0 = Release|Any CPU
		{93E7CF92-C596-4AE1-BEFD-93BF0AAC3C82}.Release|x86.ActiveCfg = Release|Any CPU
		{93E7CF92-C596-4AE1-BEFD-93BF0AAC3C82}.Release|x86.Build.0 = Release|Any CPU
		{F4A14410-2A57-4A06-9A46-80D7318E0511}.Debug|Any CPU.ActiveCfg = Debug|Any CPU
		{F4A14410-2A57-4A06-9A46-80D7318E0511}.Debug|Any CPU.Build.0 = Debug|Any CPU
		{F4A14410-2A57-4A06-9A46-80D7318E0511}.Release|Any CPU.ActiveCfg = Release|Any CPU
		{F4A14410-2A57-4A06-9A46-80D7318E0511}.Release|Any CPU.Build.0 = Release|Any CPU
		{3BB58F69-DB52-467D-B81D-888F426C3DA7}.Debug|Any CPU.ActiveCfg = Debug|Any CPU
		{3BB58F69-DB52-467D-B81D-888F426C3DA7}.Debug|Any CPU.Build.0 = Debug|Any CPU
		{3BB58F69-DB52-467D-B81D-888F426C3DA7}.Release|Any CPU.ActiveCfg = Release|Any CPU
		{3BB58F69-DB52-467D-B81D-888F426C3DA7}.Release|Any CPU.Build.0 = Release|Any CPU
		{E05E682C-4116-4DA7-B319-DB2892593D32}.Debug|Any CPU.ActiveCfg = Debug|Any CPU
		{E05E682C-4116-4DA7-B319-DB2892593D32}.Debug|Any CPU.Build.0 = Debug|Any CPU
		{E05E682C-4116-4DA7-B319-DB2892593D32}.Release|Any CPU.ActiveCfg = Release|Any CPU
		{E05E682C-4116-4DA7-B319-DB2892593D32}.Release|Any CPU.Build.0 = Release|Any CPU
		{DDDE06F8-A7BC-49C8-8659-7B9831F8A12A}.Debug|Any CPU.ActiveCfg = Debug|Any CPU
		{DDDE06F8-A7BC-49C8-8659-7B9831F8A12A}.Debug|Any CPU.Build.0 = Debug|Any CPU
		{DDDE06F8-A7BC-49C8-8659-7B9831F8A12A}.Release|Any CPU.ActiveCfg = Release|Any CPU
		{DDDE06F8-A7BC-49C8-8659-7B9831F8A12A}.Release|Any CPU.Build.0 = Release|Any CPU
		{67E4CC6D-9CD7-4EFA-9E4B-2986FCDB51E1}.Debug|Any CPU.ActiveCfg = Debug|Any CPU
		{67E4CC6D-9CD7-4EFA-9E4B-2986FCDB51E1}.Debug|Any CPU.Build.0 = Debug|Any CPU
		{67E4CC6D-9CD7-4EFA-9E4B-2986FCDB51E1}.Release|Any CPU.ActiveCfg = Release|Any CPU
		{67E4CC6D-9CD7-4EFA-9E4B-2986FCDB51E1}.Release|Any CPU.Build.0 = Release|Any CPU
		{7D29ED1A-3A6D-4D6E-ACB6-341C1C6F82B5}.Debug|Any CPU.ActiveCfg = Debug|Any CPU
		{7D29ED1A-3A6D-4D6E-ACB6-341C1C6F82B5}.Debug|Any CPU.Build.0 = Debug|Any CPU
		{7D29ED1A-3A6D-4D6E-ACB6-341C1C6F82B5}.Release|Any CPU.ActiveCfg = Release|Any CPU
		{7D29ED1A-3A6D-4D6E-ACB6-341C1C6F82B5}.Release|Any CPU.Build.0 = Release|Any CPU
		{91BAFBC1-6108-43E6-8A25-B7F1E7AED440}.Debug|Any CPU.ActiveCfg = Debug|Any CPU
		{91BAFBC1-6108-43E6-8A25-B7F1E7AED440}.Debug|Any CPU.Build.0 = Debug|Any CPU
		{91BAFBC1-6108-43E6-8A25-B7F1E7AED440}.Release|Any CPU.ActiveCfg = Release|Any CPU
		{91BAFBC1-6108-43E6-8A25-B7F1E7AED440}.Release|Any CPU.Build.0 = Release|Any CPU
		{4F065366-12A7-46D2-8B93-8D3732F750E2}.Debug|Any CPU.ActiveCfg = Debug|Any CPU
		{4F065366-12A7-46D2-8B93-8D3732F750E2}.Debug|Any CPU.Build.0 = Debug|Any CPU
		{4F065366-12A7-46D2-8B93-8D3732F750E2}.Release|Any CPU.ActiveCfg = Release|Any CPU
		{4F065366-12A7-46D2-8B93-8D3732F750E2}.Release|Any CPU.Build.0 = Release|Any CPU
		{7E691D59-459E-479B-BCC6-29FFB16DD4DD}.Debug|Any CPU.ActiveCfg = Debug|Any CPU
		{7E691D59-459E-479B-BCC6-29FFB16DD4DD}.Debug|Any CPU.Build.0 = Debug|Any CPU
		{7E691D59-459E-479B-BCC6-29FFB16DD4DD}.Release|Any CPU.ActiveCfg = Release|Any CPU
		{7E691D59-459E-479B-BCC6-29FFB16DD4DD}.Release|Any CPU.Build.0 = Release|Any CPU
		{3F318999-3741-42B8-A282-38F0B0EFC9F4}.Debug|Any CPU.ActiveCfg = Debug|Any CPU
		{3F318999-3741-42B8-A282-38F0B0EFC9F4}.Debug|Any CPU.Build.0 = Debug|Any CPU
		{3F318999-3741-42B8-A282-38F0B0EFC9F4}.Release|Any CPU.ActiveCfg = Release|Any CPU
		{3F318999-3741-42B8-A282-38F0B0EFC9F4}.Release|Any CPU.Build.0 = Release|Any CPU
		{65EC553F-5BFF-4822-AA9C-D7020E424B53}.Debug|Any CPU.ActiveCfg = Debug|Any CPU
		{65EC553F-5BFF-4822-AA9C-D7020E424B53}.Debug|Any CPU.Build.0 = Debug|Any CPU
		{65EC553F-5BFF-4822-AA9C-D7020E424B53}.Debug|x64.ActiveCfg = Debug|Any CPU
		{65EC553F-5BFF-4822-AA9C-D7020E424B53}.Debug|x64.Build.0 = Debug|Any CPU
		{65EC553F-5BFF-4822-AA9C-D7020E424B53}.Debug|x86.ActiveCfg = Debug|Any CPU
		{65EC553F-5BFF-4822-AA9C-D7020E424B53}.Debug|x86.Build.0 = Debug|Any CPU
		{65EC553F-5BFF-4822-AA9C-D7020E424B53}.Release|Any CPU.ActiveCfg = Release|Any CPU
		{65EC553F-5BFF-4822-AA9C-D7020E424B53}.Release|Any CPU.Build.0 = Release|Any CPU
		{65EC553F-5BFF-4822-AA9C-D7020E424B53}.Release|x64.ActiveCfg = Release|Any CPU
		{65EC553F-5BFF-4822-AA9C-D7020E424B53}.Release|x64.Build.0 = Release|Any CPU
		{65EC553F-5BFF-4822-AA9C-D7020E424B53}.Release|x86.ActiveCfg = Release|Any CPU
		{65EC553F-5BFF-4822-AA9C-D7020E424B53}.Release|x86.Build.0 = Release|Any CPU
		{13C1B2B6-6F04-410F-8311-EA9D93191F89}.Debug|Any CPU.ActiveCfg = Debug|Any CPU
		{13C1B2B6-6F04-410F-8311-EA9D93191F89}.Debug|Any CPU.Build.0 = Debug|Any CPU
		{13C1B2B6-6F04-410F-8311-EA9D93191F89}.Debug|x64.ActiveCfg = Debug|Any CPU
		{13C1B2B6-6F04-410F-8311-EA9D93191F89}.Debug|x64.Build.0 = Debug|Any CPU
		{13C1B2B6-6F04-410F-8311-EA9D93191F89}.Debug|x86.ActiveCfg = Debug|Any CPU
		{13C1B2B6-6F04-410F-8311-EA9D93191F89}.Debug|x86.Build.0 = Debug|Any CPU
		{13C1B2B6-6F04-410F-8311-EA9D93191F89}.Release|Any CPU.ActiveCfg = Release|Any CPU
		{13C1B2B6-6F04-410F-8311-EA9D93191F89}.Release|Any CPU.Build.0 = Release|Any CPU
		{13C1B2B6-6F04-410F-8311-EA9D93191F89}.Release|x64.ActiveCfg = Release|Any CPU
		{13C1B2B6-6F04-410F-8311-EA9D93191F89}.Release|x64.Build.0 = Release|Any CPU
		{13C1B2B6-6F04-410F-8311-EA9D93191F89}.Release|x86.ActiveCfg = Release|Any CPU
		{13C1B2B6-6F04-410F-8311-EA9D93191F89}.Release|x86.Build.0 = Release|Any CPU
		{E93206DD-0A51-418C-B996-66862B3EE6CE}.Debug|Any CPU.ActiveCfg = Debug|Any CPU
		{E93206DD-0A51-418C-B996-66862B3EE6CE}.Debug|Any CPU.Build.0 = Debug|Any CPU
		{E93206DD-0A51-418C-B996-66862B3EE6CE}.Debug|x64.ActiveCfg = Debug|Any CPU
		{E93206DD-0A51-418C-B996-66862B3EE6CE}.Debug|x64.Build.0 = Debug|Any CPU
		{E93206DD-0A51-418C-B996-66862B3EE6CE}.Debug|x86.ActiveCfg = Debug|Any CPU
		{E93206DD-0A51-418C-B996-66862B3EE6CE}.Debug|x86.Build.0 = Debug|Any CPU
		{E93206DD-0A51-418C-B996-66862B3EE6CE}.Release|Any CPU.ActiveCfg = Release|Any CPU
		{E93206DD-0A51-418C-B996-66862B3EE6CE}.Release|Any CPU.Build.0 = Release|Any CPU
		{E93206DD-0A51-418C-B996-66862B3EE6CE}.Release|x64.ActiveCfg = Release|Any CPU
		{E93206DD-0A51-418C-B996-66862B3EE6CE}.Release|x64.Build.0 = Release|Any CPU
		{E93206DD-0A51-418C-B996-66862B3EE6CE}.Release|x86.ActiveCfg = Release|Any CPU
		{E93206DD-0A51-418C-B996-66862B3EE6CE}.Release|x86.Build.0 = Release|Any CPU
		{E087761E-D065-4533-B7A9-6EC28225DC1B}.Debug|Any CPU.ActiveCfg = Debug|Any CPU
		{E087761E-D065-4533-B7A9-6EC28225DC1B}.Debug|Any CPU.Build.0 = Debug|Any CPU
		{E087761E-D065-4533-B7A9-6EC28225DC1B}.Debug|x64.ActiveCfg = Debug|Any CPU
		{E087761E-D065-4533-B7A9-6EC28225DC1B}.Debug|x64.Build.0 = Debug|Any CPU
		{E087761E-D065-4533-B7A9-6EC28225DC1B}.Debug|x86.ActiveCfg = Debug|Any CPU
		{E087761E-D065-4533-B7A9-6EC28225DC1B}.Debug|x86.Build.0 = Debug|Any CPU
		{E087761E-D065-4533-B7A9-6EC28225DC1B}.Release|Any CPU.ActiveCfg = Release|Any CPU
		{E087761E-D065-4533-B7A9-6EC28225DC1B}.Release|Any CPU.Build.0 = Release|Any CPU
		{E087761E-D065-4533-B7A9-6EC28225DC1B}.Release|x64.ActiveCfg = Release|Any CPU
		{E087761E-D065-4533-B7A9-6EC28225DC1B}.Release|x64.Build.0 = Release|Any CPU
		{E087761E-D065-4533-B7A9-6EC28225DC1B}.Release|x86.ActiveCfg = Release|Any CPU
		{E087761E-D065-4533-B7A9-6EC28225DC1B}.Release|x86.Build.0 = Release|Any CPU
		{26E0604F-840E-48FC-A3E7-F84E95F90825}.Debug|Any CPU.ActiveCfg = Debug|Any CPU
		{26E0604F-840E-48FC-A3E7-F84E95F90825}.Debug|Any CPU.Build.0 = Debug|Any CPU
		{26E0604F-840E-48FC-A3E7-F84E95F90825}.Debug|x64.ActiveCfg = Debug|Any CPU
		{26E0604F-840E-48FC-A3E7-F84E95F90825}.Debug|x64.Build.0 = Debug|Any CPU
		{26E0604F-840E-48FC-A3E7-F84E95F90825}.Debug|x86.ActiveCfg = Debug|Any CPU
		{26E0604F-840E-48FC-A3E7-F84E95F90825}.Debug|x86.Build.0 = Debug|Any CPU
		{26E0604F-840E-48FC-A3E7-F84E95F90825}.Release|Any CPU.ActiveCfg = Release|Any CPU
		{26E0604F-840E-48FC-A3E7-F84E95F90825}.Release|Any CPU.Build.0 = Release|Any CPU
		{26E0604F-840E-48FC-A3E7-F84E95F90825}.Release|x64.ActiveCfg = Release|Any CPU
		{26E0604F-840E-48FC-A3E7-F84E95F90825}.Release|x64.Build.0 = Release|Any CPU
		{26E0604F-840E-48FC-A3E7-F84E95F90825}.Release|x86.ActiveCfg = Release|Any CPU
		{26E0604F-840E-48FC-A3E7-F84E95F90825}.Release|x86.Build.0 = Release|Any CPU
		{215AE075-9078-4DA6-9A66-70E452DF11DE}.Debug|Any CPU.ActiveCfg = Debug|Any CPU
		{215AE075-9078-4DA6-9A66-70E452DF11DE}.Debug|Any CPU.Build.0 = Debug|Any CPU
		{215AE075-9078-4DA6-9A66-70E452DF11DE}.Debug|x64.ActiveCfg = Debug|Any CPU
		{215AE075-9078-4DA6-9A66-70E452DF11DE}.Debug|x64.Build.0 = Debug|Any CPU
		{215AE075-9078-4DA6-9A66-70E452DF11DE}.Debug|x86.ActiveCfg = Debug|Any CPU
		{215AE075-9078-4DA6-9A66-70E452DF11DE}.Debug|x86.Build.0 = Debug|Any CPU
		{215AE075-9078-4DA6-9A66-70E452DF11DE}.Release|Any CPU.ActiveCfg = Release|Any CPU
		{215AE075-9078-4DA6-9A66-70E452DF11DE}.Release|Any CPU.Build.0 = Release|Any CPU
		{215AE075-9078-4DA6-9A66-70E452DF11DE}.Release|x64.ActiveCfg = Release|Any CPU
		{215AE075-9078-4DA6-9A66-70E452DF11DE}.Release|x64.Build.0 = Release|Any CPU
		{215AE075-9078-4DA6-9A66-70E452DF11DE}.Release|x86.ActiveCfg = Release|Any CPU
		{215AE075-9078-4DA6-9A66-70E452DF11DE}.Release|x86.Build.0 = Release|Any CPU
		{7E3A4646-4BCE-4869-9685-931389F34642}.Debug|Any CPU.ActiveCfg = Debug|Any CPU
		{7E3A4646-4BCE-4869-9685-931389F34642}.Debug|Any CPU.Build.0 = Debug|Any CPU
		{7E3A4646-4BCE-4869-9685-931389F34642}.Debug|x64.ActiveCfg = Debug|Any CPU
		{7E3A4646-4BCE-4869-9685-931389F34642}.Debug|x64.Build.0 = Debug|Any CPU
		{7E3A4646-4BCE-4869-9685-931389F34642}.Debug|x86.ActiveCfg = Debug|Any CPU
		{7E3A4646-4BCE-4869-9685-931389F34642}.Debug|x86.Build.0 = Debug|Any CPU
		{7E3A4646-4BCE-4869-9685-931389F34642}.Release|Any CPU.ActiveCfg = Release|Any CPU
		{7E3A4646-4BCE-4869-9685-931389F34642}.Release|Any CPU.Build.0 = Release|Any CPU
		{7E3A4646-4BCE-4869-9685-931389F34642}.Release|x64.ActiveCfg = Release|Any CPU
		{7E3A4646-4BCE-4869-9685-931389F34642}.Release|x64.Build.0 = Release|Any CPU
		{7E3A4646-4BCE-4869-9685-931389F34642}.Release|x86.ActiveCfg = Release|Any CPU
		{7E3A4646-4BCE-4869-9685-931389F34642}.Release|x86.Build.0 = Release|Any CPU
		{42F210C7-59F8-402F-85D6-00D7BC683CA5}.Debug|Any CPU.ActiveCfg = Debug|Any CPU
		{42F210C7-59F8-402F-85D6-00D7BC683CA5}.Debug|Any CPU.Build.0 = Debug|Any CPU
		{42F210C7-59F8-402F-85D6-00D7BC683CA5}.Debug|x64.ActiveCfg = Debug|Any CPU
		{42F210C7-59F8-402F-85D6-00D7BC683CA5}.Debug|x64.Build.0 = Debug|Any CPU
		{42F210C7-59F8-402F-85D6-00D7BC683CA5}.Debug|x86.ActiveCfg = Debug|Any CPU
		{42F210C7-59F8-402F-85D6-00D7BC683CA5}.Debug|x86.Build.0 = Debug|Any CPU
		{42F210C7-59F8-402F-85D6-00D7BC683CA5}.Release|Any CPU.ActiveCfg = Release|Any CPU
		{42F210C7-59F8-402F-85D6-00D7BC683CA5}.Release|Any CPU.Build.0 = Release|Any CPU
		{42F210C7-59F8-402F-85D6-00D7BC683CA5}.Release|x64.ActiveCfg = Release|Any CPU
		{42F210C7-59F8-402F-85D6-00D7BC683CA5}.Release|x64.Build.0 = Release|Any CPU
		{42F210C7-59F8-402F-85D6-00D7BC683CA5}.Release|x86.ActiveCfg = Release|Any CPU
		{42F210C7-59F8-402F-85D6-00D7BC683CA5}.Release|x86.Build.0 = Release|Any CPU
		{09955D72-E7EF-470B-B472-A965A3BF9750}.Debug|Any CPU.ActiveCfg = Debug|Any CPU
		{09955D72-E7EF-470B-B472-A965A3BF9750}.Debug|Any CPU.Build.0 = Debug|Any CPU
		{09955D72-E7EF-470B-B472-A965A3BF9750}.Debug|x64.ActiveCfg = Debug|Any CPU
		{09955D72-E7EF-470B-B472-A965A3BF9750}.Debug|x64.Build.0 = Debug|Any CPU
		{09955D72-E7EF-470B-B472-A965A3BF9750}.Debug|x86.ActiveCfg = Debug|Any CPU
		{09955D72-E7EF-470B-B472-A965A3BF9750}.Debug|x86.Build.0 = Debug|Any CPU
		{09955D72-E7EF-470B-B472-A965A3BF9750}.Release|Any CPU.ActiveCfg = Release|Any CPU
		{09955D72-E7EF-470B-B472-A965A3BF9750}.Release|Any CPU.Build.0 = Release|Any CPU
		{09955D72-E7EF-470B-B472-A965A3BF9750}.Release|x64.ActiveCfg = Release|Any CPU
		{09955D72-E7EF-470B-B472-A965A3BF9750}.Release|x64.Build.0 = Release|Any CPU
		{09955D72-E7EF-470B-B472-A965A3BF9750}.Release|x86.ActiveCfg = Release|Any CPU
		{09955D72-E7EF-470B-B472-A965A3BF9750}.Release|x86.Build.0 = Release|Any CPU
		{31D072C6-7F80-4DD1-A297-378B7C5B66E3}.Debug|Any CPU.ActiveCfg = Debug|Any CPU
		{31D072C6-7F80-4DD1-A297-378B7C5B66E3}.Debug|Any CPU.Build.0 = Debug|Any CPU
		{31D072C6-7F80-4DD1-A297-378B7C5B66E3}.Debug|x64.ActiveCfg = Debug|Any CPU
		{31D072C6-7F80-4DD1-A297-378B7C5B66E3}.Debug|x64.Build.0 = Debug|Any CPU
		{31D072C6-7F80-4DD1-A297-378B7C5B66E3}.Debug|x86.ActiveCfg = Debug|Any CPU
		{31D072C6-7F80-4DD1-A297-378B7C5B66E3}.Debug|x86.Build.0 = Debug|Any CPU
		{31D072C6-7F80-4DD1-A297-378B7C5B66E3}.Release|Any CPU.ActiveCfg = Release|Any CPU
		{31D072C6-7F80-4DD1-A297-378B7C5B66E3}.Release|Any CPU.Build.0 = Release|Any CPU
		{31D072C6-7F80-4DD1-A297-378B7C5B66E3}.Release|x64.ActiveCfg = Release|Any CPU
		{31D072C6-7F80-4DD1-A297-378B7C5B66E3}.Release|x64.Build.0 = Release|Any CPU
		{31D072C6-7F80-4DD1-A297-378B7C5B66E3}.Release|x86.ActiveCfg = Release|Any CPU
		{31D072C6-7F80-4DD1-A297-378B7C5B66E3}.Release|x86.Build.0 = Release|Any CPU
		{0B11FCE2-8223-47B8-8CE4-8C2D2D9264A2}.Debug|Any CPU.ActiveCfg = Debug|Any CPU
		{0B11FCE2-8223-47B8-8CE4-8C2D2D9264A2}.Debug|Any CPU.Build.0 = Debug|Any CPU
		{0B11FCE2-8223-47B8-8CE4-8C2D2D9264A2}.Debug|x64.ActiveCfg = Debug|Any CPU
		{0B11FCE2-8223-47B8-8CE4-8C2D2D9264A2}.Debug|x64.Build.0 = Debug|Any CPU
		{0B11FCE2-8223-47B8-8CE4-8C2D2D9264A2}.Debug|x86.ActiveCfg = Debug|Any CPU
		{0B11FCE2-8223-47B8-8CE4-8C2D2D9264A2}.Debug|x86.Build.0 = Debug|Any CPU
		{0B11FCE2-8223-47B8-8CE4-8C2D2D9264A2}.Release|Any CPU.ActiveCfg = Release|Any CPU
		{0B11FCE2-8223-47B8-8CE4-8C2D2D9264A2}.Release|Any CPU.Build.0 = Release|Any CPU
		{0B11FCE2-8223-47B8-8CE4-8C2D2D9264A2}.Release|x64.ActiveCfg = Release|Any CPU
		{0B11FCE2-8223-47B8-8CE4-8C2D2D9264A2}.Release|x64.Build.0 = Release|Any CPU
		{0B11FCE2-8223-47B8-8CE4-8C2D2D9264A2}.Release|x86.ActiveCfg = Release|Any CPU
		{0B11FCE2-8223-47B8-8CE4-8C2D2D9264A2}.Release|x86.Build.0 = Release|Any CPU
		{442CC49F-BD49-40E4-BF28-B1DF34C04DA5}.Debug|Any CPU.ActiveCfg = Debug|Any CPU
		{442CC49F-BD49-40E4-BF28-B1DF34C04DA5}.Debug|Any CPU.Build.0 = Debug|Any CPU
		{442CC49F-BD49-40E4-BF28-B1DF34C04DA5}.Debug|x64.ActiveCfg = Debug|Any CPU
		{442CC49F-BD49-40E4-BF28-B1DF34C04DA5}.Debug|x64.Build.0 = Debug|Any CPU
		{442CC49F-BD49-40E4-BF28-B1DF34C04DA5}.Debug|x86.ActiveCfg = Debug|Any CPU
		{442CC49F-BD49-40E4-BF28-B1DF34C04DA5}.Debug|x86.Build.0 = Debug|Any CPU
		{442CC49F-BD49-40E4-BF28-B1DF34C04DA5}.Release|Any CPU.ActiveCfg = Release|Any CPU
		{442CC49F-BD49-40E4-BF28-B1DF34C04DA5}.Release|Any CPU.Build.0 = Release|Any CPU
		{442CC49F-BD49-40E4-BF28-B1DF34C04DA5}.Release|x64.ActiveCfg = Release|Any CPU
		{442CC49F-BD49-40E4-BF28-B1DF34C04DA5}.Release|x64.Build.0 = Release|Any CPU
		{442CC49F-BD49-40E4-BF28-B1DF34C04DA5}.Release|x86.ActiveCfg = Release|Any CPU
		{442CC49F-BD49-40E4-BF28-B1DF34C04DA5}.Release|x86.Build.0 = Release|Any CPU
		{5E0E6995-FE9A-47EC-A1E7-2FB64D648205}.Debug|Any CPU.ActiveCfg = Debug|Any CPU
		{5E0E6995-FE9A-47EC-A1E7-2FB64D648205}.Debug|Any CPU.Build.0 = Debug|Any CPU
		{5E0E6995-FE9A-47EC-A1E7-2FB64D648205}.Debug|x64.ActiveCfg = Debug|Any CPU
		{5E0E6995-FE9A-47EC-A1E7-2FB64D648205}.Debug|x64.Build.0 = Debug|Any CPU
		{5E0E6995-FE9A-47EC-A1E7-2FB64D648205}.Debug|x86.ActiveCfg = Debug|Any CPU
		{5E0E6995-FE9A-47EC-A1E7-2FB64D648205}.Debug|x86.Build.0 = Debug|Any CPU
		{5E0E6995-FE9A-47EC-A1E7-2FB64D648205}.Release|Any CPU.ActiveCfg = Release|Any CPU
		{5E0E6995-FE9A-47EC-A1E7-2FB64D648205}.Release|Any CPU.Build.0 = Release|Any CPU
		{5E0E6995-FE9A-47EC-A1E7-2FB64D648205}.Release|x64.ActiveCfg = Release|Any CPU
		{5E0E6995-FE9A-47EC-A1E7-2FB64D648205}.Release|x64.Build.0 = Release|Any CPU
		{5E0E6995-FE9A-47EC-A1E7-2FB64D648205}.Release|x86.ActiveCfg = Release|Any CPU
		{5E0E6995-FE9A-47EC-A1E7-2FB64D648205}.Release|x86.Build.0 = Release|Any CPU
		{7F25B413-AEF5-43D0-AE85-88AC41C76962}.Debug|Any CPU.ActiveCfg = Debug|Any CPU
		{7F25B413-AEF5-43D0-AE85-88AC41C76962}.Debug|Any CPU.Build.0 = Debug|Any CPU
		{7F25B413-AEF5-43D0-AE85-88AC41C76962}.Debug|x64.ActiveCfg = Debug|Any CPU
		{7F25B413-AEF5-43D0-AE85-88AC41C76962}.Debug|x64.Build.0 = Debug|Any CPU
		{7F25B413-AEF5-43D0-AE85-88AC41C76962}.Debug|x86.ActiveCfg = Debug|Any CPU
		{7F25B413-AEF5-43D0-AE85-88AC41C76962}.Debug|x86.Build.0 = Debug|Any CPU
		{7F25B413-AEF5-43D0-AE85-88AC41C76962}.Release|Any CPU.ActiveCfg = Release|Any CPU
		{7F25B413-AEF5-43D0-AE85-88AC41C76962}.Release|Any CPU.Build.0 = Release|Any CPU
		{7F25B413-AEF5-43D0-AE85-88AC41C76962}.Release|x64.ActiveCfg = Release|Any CPU
		{7F25B413-AEF5-43D0-AE85-88AC41C76962}.Release|x64.Build.0 = Release|Any CPU
		{7F25B413-AEF5-43D0-AE85-88AC41C76962}.Release|x86.ActiveCfg = Release|Any CPU
		{7F25B413-AEF5-43D0-AE85-88AC41C76962}.Release|x86.Build.0 = Release|Any CPU
		{F4A14410-2A57-4A06-9A46-80D7318E0511}.Debug|Any CPU.ActiveCfg = Debug|Any CPU
		{F4A14410-2A57-4A06-9A46-80D7318E0511}.Debug|Any CPU.Build.0 = Debug|Any CPU
		{F4A14410-2A57-4A06-9A46-80D7318E0511}.Release|Any CPU.ActiveCfg = Release|Any CPU
		{F4A14410-2A57-4A06-9A46-80D7318E0511}.Release|Any CPU.Build.0 = Release|Any CPU
		{3BB58F69-DB52-467D-B81D-888F426C3DA7}.Debug|Any CPU.ActiveCfg = Debug|Any CPU
		{3BB58F69-DB52-467D-B81D-888F426C3DA7}.Debug|Any CPU.Build.0 = Debug|Any CPU
		{3BB58F69-DB52-467D-B81D-888F426C3DA7}.Release|Any CPU.ActiveCfg = Release|Any CPU
		{3BB58F69-DB52-467D-B81D-888F426C3DA7}.Release|Any CPU.Build.0 = Release|Any CPU
		{E05E682C-4116-4DA7-B319-DB2892593D32}.Debug|Any CPU.ActiveCfg = Debug|Any CPU
		{E05E682C-4116-4DA7-B319-DB2892593D32}.Debug|Any CPU.Build.0 = Debug|Any CPU
		{E05E682C-4116-4DA7-B319-DB2892593D32}.Release|Any CPU.ActiveCfg = Release|Any CPU
		{E05E682C-4116-4DA7-B319-DB2892593D32}.Release|Any CPU.Build.0 = Release|Any CPU
		{DDDE06F8-A7BC-49C8-8659-7B9831F8A12A}.Debug|Any CPU.ActiveCfg = Debug|Any CPU
		{DDDE06F8-A7BC-49C8-8659-7B9831F8A12A}.Debug|Any CPU.Build.0 = Debug|Any CPU
		{DDDE06F8-A7BC-49C8-8659-7B9831F8A12A}.Release|Any CPU.ActiveCfg = Release|Any CPU
		{DDDE06F8-A7BC-49C8-8659-7B9831F8A12A}.Release|Any CPU.Build.0 = Release|Any CPU
		{67E4CC6D-9CD7-4EFA-9E4B-2986FCDB51E1}.Debug|Any CPU.ActiveCfg = Debug|Any CPU
		{67E4CC6D-9CD7-4EFA-9E4B-2986FCDB51E1}.Debug|Any CPU.Build.0 = Debug|Any CPU
		{67E4CC6D-9CD7-4EFA-9E4B-2986FCDB51E1}.Release|Any CPU.ActiveCfg = Release|Any CPU
		{67E4CC6D-9CD7-4EFA-9E4B-2986FCDB51E1}.Release|Any CPU.Build.0 = Release|Any CPU
		{7D29ED1A-3A6D-4D6E-ACB6-341C1C6F82B5}.Debug|Any CPU.ActiveCfg = Debug|Any CPU
		{7D29ED1A-3A6D-4D6E-ACB6-341C1C6F82B5}.Debug|Any CPU.Build.0 = Debug|Any CPU
		{7D29ED1A-3A6D-4D6E-ACB6-341C1C6F82B5}.Release|Any CPU.ActiveCfg = Release|Any CPU
		{7D29ED1A-3A6D-4D6E-ACB6-341C1C6F82B5}.Release|Any CPU.Build.0 = Release|Any CPU
		{91BAFBC1-6108-43E6-8A25-B7F1E7AED440}.Debug|Any CPU.ActiveCfg = Debug|Any CPU
		{91BAFBC1-6108-43E6-8A25-B7F1E7AED440}.Debug|Any CPU.Build.0 = Debug|Any CPU
		{91BAFBC1-6108-43E6-8A25-B7F1E7AED440}.Release|Any CPU.ActiveCfg = Release|Any CPU
		{91BAFBC1-6108-43E6-8A25-B7F1E7AED440}.Release|Any CPU.Build.0 = Release|Any CPU
		{4F065366-12A7-46D2-8B93-8D3732F750E2}.Debug|Any CPU.ActiveCfg = Debug|Any CPU
		{4F065366-12A7-46D2-8B93-8D3732F750E2}.Debug|Any CPU.Build.0 = Debug|Any CPU
		{4F065366-12A7-46D2-8B93-8D3732F750E2}.Release|Any CPU.ActiveCfg = Release|Any CPU
		{4F065366-12A7-46D2-8B93-8D3732F750E2}.Release|Any CPU.Build.0 = Release|Any CPU
		{7E691D59-459E-479B-BCC6-29FFB16DD4DD}.Debug|Any CPU.ActiveCfg = Debug|Any CPU
		{7E691D59-459E-479B-BCC6-29FFB16DD4DD}.Debug|Any CPU.Build.0 = Debug|Any CPU
		{7E691D59-459E-479B-BCC6-29FFB16DD4DD}.Release|Any CPU.ActiveCfg = Release|Any CPU
		{7E691D59-459E-479B-BCC6-29FFB16DD4DD}.Release|Any CPU.Build.0 = Release|Any CPU
		{3F318999-3741-42B8-A282-38F0B0EFC9F4}.Debug|Any CPU.ActiveCfg = Debug|Any CPU
		{3F318999-3741-42B8-A282-38F0B0EFC9F4}.Debug|Any CPU.Build.0 = Debug|Any CPU
		{3F318999-3741-42B8-A282-38F0B0EFC9F4}.Release|Any CPU.ActiveCfg = Release|Any CPU
		{3F318999-3741-42B8-A282-38F0B0EFC9F4}.Release|Any CPU.Build.0 = Release|Any CPU
		{D4465672-62EB-4E4F-B064-7A448606DF9B}.Debug|Any CPU.ActiveCfg = Debug|Any CPU
		{D4465672-62EB-4E4F-B064-7A448606DF9B}.Debug|Any CPU.Build.0 = Debug|Any CPU
		{D4465672-62EB-4E4F-B064-7A448606DF9B}.Debug|x64.ActiveCfg = Debug|Any CPU
		{D4465672-62EB-4E4F-B064-7A448606DF9B}.Debug|x64.Build.0 = Debug|Any CPU
		{D4465672-62EB-4E4F-B064-7A448606DF9B}.Debug|x86.ActiveCfg = Debug|Any CPU
		{D4465672-62EB-4E4F-B064-7A448606DF9B}.Debug|x86.Build.0 = Debug|Any CPU
		{D4465672-62EB-4E4F-B064-7A448606DF9B}.Release|Any CPU.ActiveCfg = Release|Any CPU
		{D4465672-62EB-4E4F-B064-7A448606DF9B}.Release|Any CPU.Build.0 = Release|Any CPU
		{D4465672-62EB-4E4F-B064-7A448606DF9B}.Release|x64.ActiveCfg = Release|Any CPU
		{D4465672-62EB-4E4F-B064-7A448606DF9B}.Release|x64.Build.0 = Release|Any CPU
		{D4465672-62EB-4E4F-B064-7A448606DF9B}.Release|x86.ActiveCfg = Release|Any CPU
		{D4465672-62EB-4E4F-B064-7A448606DF9B}.Release|x86.Build.0 = Release|Any CPU
		{EEE7D930-FB68-4DF2-8794-82399A507B0F}.Debug|Any CPU.ActiveCfg = Debug|Any CPU
		{EEE7D930-FB68-4DF2-8794-82399A507B0F}.Debug|Any CPU.Build.0 = Debug|Any CPU
		{EEE7D930-FB68-4DF2-8794-82399A507B0F}.Debug|x64.ActiveCfg = Debug|Any CPU
		{EEE7D930-FB68-4DF2-8794-82399A507B0F}.Debug|x64.Build.0 = Debug|Any CPU
		{EEE7D930-FB68-4DF2-8794-82399A507B0F}.Debug|x86.ActiveCfg = Debug|Any CPU
		{EEE7D930-FB68-4DF2-8794-82399A507B0F}.Debug|x86.Build.0 = Debug|Any CPU
		{EEE7D930-FB68-4DF2-8794-82399A507B0F}.Release|Any CPU.ActiveCfg = Release|Any CPU
		{EEE7D930-FB68-4DF2-8794-82399A507B0F}.Release|Any CPU.Build.0 = Release|Any CPU
		{EEE7D930-FB68-4DF2-8794-82399A507B0F}.Release|x64.ActiveCfg = Release|Any CPU
		{EEE7D930-FB68-4DF2-8794-82399A507B0F}.Release|x64.Build.0 = Release|Any CPU
		{EEE7D930-FB68-4DF2-8794-82399A507B0F}.Release|x86.ActiveCfg = Release|Any CPU
		{EEE7D930-FB68-4DF2-8794-82399A507B0F}.Release|x86.Build.0 = Release|Any CPU
		{082A4DA3-47A9-4EEF-8B79-B59AA3366C97}.Debug|Any CPU.ActiveCfg = Debug|Any CPU
		{082A4DA3-47A9-4EEF-8B79-B59AA3366C97}.Debug|Any CPU.Build.0 = Debug|Any CPU
		{082A4DA3-47A9-4EEF-8B79-B59AA3366C97}.Debug|x64.ActiveCfg = Debug|Any CPU
		{082A4DA3-47A9-4EEF-8B79-B59AA3366C97}.Debug|x64.Build.0 = Debug|Any CPU
		{082A4DA3-47A9-4EEF-8B79-B59AA3366C97}.Debug|x86.ActiveCfg = Debug|Any CPU
		{082A4DA3-47A9-4EEF-8B79-B59AA3366C97}.Debug|x86.Build.0 = Debug|Any CPU
		{082A4DA3-47A9-4EEF-8B79-B59AA3366C97}.Release|Any CPU.ActiveCfg = Release|Any CPU
		{082A4DA3-47A9-4EEF-8B79-B59AA3366C97}.Release|Any CPU.Build.0 = Release|Any CPU
		{082A4DA3-47A9-4EEF-8B79-B59AA3366C97}.Release|x64.ActiveCfg = Release|Any CPU
		{082A4DA3-47A9-4EEF-8B79-B59AA3366C97}.Release|x64.Build.0 = Release|Any CPU
		{082A4DA3-47A9-4EEF-8B79-B59AA3366C97}.Release|x86.ActiveCfg = Release|Any CPU
		{082A4DA3-47A9-4EEF-8B79-B59AA3366C97}.Release|x86.Build.0 = Release|Any CPU
		{1599EEE6-18EA-4335-9776-66D1EA975D03}.Debug|Any CPU.ActiveCfg = Debug|Any CPU
		{1599EEE6-18EA-4335-9776-66D1EA975D03}.Debug|Any CPU.Build.0 = Debug|Any CPU
		{1599EEE6-18EA-4335-9776-66D1EA975D03}.Debug|x64.ActiveCfg = Debug|Any CPU
		{1599EEE6-18EA-4335-9776-66D1EA975D03}.Debug|x64.Build.0 = Debug|Any CPU
		{1599EEE6-18EA-4335-9776-66D1EA975D03}.Debug|x86.ActiveCfg = Debug|Any CPU
		{1599EEE6-18EA-4335-9776-66D1EA975D03}.Debug|x86.Build.0 = Debug|Any CPU
		{1599EEE6-18EA-4335-9776-66D1EA975D03}.Release|Any CPU.ActiveCfg = Release|Any CPU
		{1599EEE6-18EA-4335-9776-66D1EA975D03}.Release|Any CPU.Build.0 = Release|Any CPU
		{1599EEE6-18EA-4335-9776-66D1EA975D03}.Release|x64.ActiveCfg = Release|Any CPU
		{1599EEE6-18EA-4335-9776-66D1EA975D03}.Release|x64.Build.0 = Release|Any CPU
		{1599EEE6-18EA-4335-9776-66D1EA975D03}.Release|x86.ActiveCfg = Release|Any CPU
		{1599EEE6-18EA-4335-9776-66D1EA975D03}.Release|x86.Build.0 = Release|Any CPU
		{6740329F-5994-4014-8ADA-9E37261150B7}.Debug|Any CPU.ActiveCfg = Debug|Any CPU
		{6740329F-5994-4014-8ADA-9E37261150B7}.Debug|Any CPU.Build.0 = Debug|Any CPU
		{6740329F-5994-4014-8ADA-9E37261150B7}.Debug|x64.ActiveCfg = Debug|Any CPU
		{6740329F-5994-4014-8ADA-9E37261150B7}.Debug|x64.Build.0 = Debug|Any CPU
		{6740329F-5994-4014-8ADA-9E37261150B7}.Debug|x86.ActiveCfg = Debug|Any CPU
		{6740329F-5994-4014-8ADA-9E37261150B7}.Debug|x86.Build.0 = Debug|Any CPU
		{6740329F-5994-4014-8ADA-9E37261150B7}.Release|Any CPU.ActiveCfg = Release|Any CPU
		{6740329F-5994-4014-8ADA-9E37261150B7}.Release|Any CPU.Build.0 = Release|Any CPU
		{6740329F-5994-4014-8ADA-9E37261150B7}.Release|x64.ActiveCfg = Release|Any CPU
		{6740329F-5994-4014-8ADA-9E37261150B7}.Release|x64.Build.0 = Release|Any CPU
		{6740329F-5994-4014-8ADA-9E37261150B7}.Release|x86.ActiveCfg = Release|Any CPU
		{6740329F-5994-4014-8ADA-9E37261150B7}.Release|x86.Build.0 = Release|Any CPU
		{39BC7CB9-A0B6-4733-8D8B-C32071078635}.Debug|Any CPU.ActiveCfg = Debug|Any CPU
		{39BC7CB9-A0B6-4733-8D8B-C32071078635}.Debug|Any CPU.Build.0 = Debug|Any CPU
		{39BC7CB9-A0B6-4733-8D8B-C32071078635}.Debug|x64.ActiveCfg = Debug|Any CPU
		{39BC7CB9-A0B6-4733-8D8B-C32071078635}.Debug|x64.Build.0 = Debug|Any CPU
		{39BC7CB9-A0B6-4733-8D8B-C32071078635}.Debug|x86.ActiveCfg = Debug|Any CPU
		{39BC7CB9-A0B6-4733-8D8B-C32071078635}.Debug|x86.Build.0 = Debug|Any CPU
		{39BC7CB9-A0B6-4733-8D8B-C32071078635}.Release|Any CPU.ActiveCfg = Release|Any CPU
		{39BC7CB9-A0B6-4733-8D8B-C32071078635}.Release|Any CPU.Build.0 = Release|Any CPU
		{39BC7CB9-A0B6-4733-8D8B-C32071078635}.Release|x64.ActiveCfg = Release|Any CPU
		{39BC7CB9-A0B6-4733-8D8B-C32071078635}.Release|x64.Build.0 = Release|Any CPU
		{39BC7CB9-A0B6-4733-8D8B-C32071078635}.Release|x86.ActiveCfg = Release|Any CPU
		{39BC7CB9-A0B6-4733-8D8B-C32071078635}.Release|x86.Build.0 = Release|Any CPU
	EndGlobalSection
	GlobalSection(SolutionProperties) = preSolution
		HideSolutionNode = FALSE
	EndGlobalSection
	GlobalSection(NestedProjects) = preSolution
		{E5B5ED4C-53A5-4F72-9B81-F7626EDA3ECA} = {02EA681E-C7D8-13C7-8484-4AC65E1B71E8}
		{C3D4E5F6-789A-01BC-DEF0-C3D4E5F6789A} = {E5F6A7B8-9ABC-01DE-F123-456789ABCDEF}
		{D4E5F6A7-89AB-01CD-EF01-D4E5F6A789AB} = {F6A7B8C9-ABCD-01EF-2345-678901ABCDEF}
		{2BDB71FA-3CB0-4E86-A2CE-9176CC2034D5} = {02EA681E-C7D8-13C7-8484-4AC65E1B71E8}
		{A1B2C3D4-5678-90AB-CDEF-A1B2C3D45678} = {2BDB71FA-3CB0-4E86-A2CE-9176CC2034D5}
		{B2C3D4E5-6789-01AB-CDEF-B2C3D4E56789} = {2BDB71FA-3CB0-4E86-A2CE-9176CC2034D5}
		{A6F94C66-2430-453E-A760-31562F7D154E} = {A1B2C3D4-5678-90AB-CDEF-A1B2C3D45678}
		{E5F6A7B8-9ABC-01DE-F123-456789ABCDEF} = {A1B2C3D4-5678-90AB-CDEF-A1B2C3D45678}
		{F6A7B8C9-ABCD-01EF-2345-678901ABCDEF} = {B2C3D4E5-6789-01AB-CDEF-B2C3D4E56789}
		{9AE6F106-58D9-4652-9462-A56CED2B5920} = {A6F94C66-2430-453E-A760-31562F7D154E}
		{46023E72-DF44-4994-9A07-0FE30A50824F} = {B2C3D4E5-6789-01AB-CDEF-B2C3D4E56789}
		{2AA8C983-59AF-4C0F-A326-C2424070D7DB} = {46023E72-DF44-4994-9A07-0FE30A50824F}
		{0359F9E7-8135-4077-97FF-5FDE2D80C1C6} = {EBE93496-1753-4862-9A63-22E025E59F2C}
		{1257C29E-61F1-4854-9AE8-02D0FA1A6F8E} = {EBE93496-1753-4862-9A63-22E025E59F2C}
		{827281F7-33FC-4ACF-A195-886122BF3481} = {0359F9E7-8135-4077-97FF-5FDE2D80C1C6}
		{D57B02AE-F9D2-46FE-946F-7D37A3056665} = {827281F7-33FC-4ACF-A195-886122BF3481}
		{AEE75B79-ACD2-40EA-A35E-78076F43A9DA} = {0785196D-03EF-481C-B8A7-05083CAEC3A3}
		{0785196D-03EF-481C-B8A7-05083CAEC3A3} = {D57B02AE-F9D2-46FE-946F-7D37A3056665}
		{3EFBF16B-4D16-47F2-A33B-4F1948796BCA} = {A1B2C3D4-5678-90AB-CDEF-A1B2C3D45678}
		{F53AC37E-3D2E-435B-9E4C-1F371758C254} = {3EFBF16B-4D16-47F2-A33B-4F1948796BCA}
		{88A77EAB-D766-4841-9E64-7B716E84CF18} = {A1B2C3D4-5678-90AB-CDEF-A1B2C3D45678}
		{1FBD6CEC-15CE-4FA5-944A-C01B48C9EA8A} = {88A77EAB-D766-4841-9E64-7B716E84CF18}
		{BE3AF575-4C87-4A91-9DCF-66A73BB6F055} = {1257C29E-61F1-4854-9AE8-02D0FA1A6F8E}
		{7B0DEB8A-C1A1-4782-B34B-E185F8EE6047} = {BE3AF575-4C87-4A91-9DCF-66A73BB6F055}
		{93E7CF92-C596-4AE1-BEFD-93BF0AAC3C82} = {7B0DEB8A-C1A1-4782-B34B-E185F8EE6047}
		{43B77451-CBDA-4B62-B049-BA7E1462723E} = {2BDB71FA-3CB0-4E86-A2CE-9176CC2034D5}
		{593633F8-84CF-4FD6-A908-D7A88E6DC5A9} = {43B77451-CBDA-4B62-B049-BA7E1462723E}
		{F4A14410-2A57-4A06-9A46-80D7318E0511} = {593633F8-84CF-4FD6-A908-D7A88E6DC5A9}
		{9C14036B-8292-4FA8-BBC2-F1F3A01490CA} = {43B77451-CBDA-4B62-B049-BA7E1462723E}
		{3BB58F69-DB52-467D-B81D-888F426C3DA7} = {9C14036B-8292-4FA8-BBC2-F1F3A01490CA}
		{2E62F6DB-B673-45EB-BEA7-677B80FB43D3} = {43B77451-CBDA-4B62-B049-BA7E1462723E}
		{E05E682C-4116-4DA7-B319-DB2892593D32} = {2E62F6DB-B673-45EB-BEA7-677B80FB43D3}
		{6E4C84AC-074B-40E8-ADA3-D37F10DEE3CB} = {43B77451-CBDA-4B62-B049-BA7E1462723E}
		{DDDE06F8-A7BC-49C8-8659-7B9831F8A12A} = {6E4C84AC-074B-40E8-ADA3-D37F10DEE3CB}
		{21301EEF-6450-424D-BF3F-63E66A0472A6} = {827281F7-33FC-4ACF-A195-886122BF3481}
		{00B9D33B-D4A2-49EB-AE75-7CDCA557D317} = {21301EEF-6450-424D-BF3F-63E66A0472A6}
		{67E4CC6D-9CD7-4EFA-9E4B-2986FCDB51E1} = {00B9D33B-D4A2-49EB-AE75-7CDCA557D317}
		{502CD62A-7DC4-4095-AABD-F69A71B89C25} = {2BDB71FA-3CB0-4E86-A2CE-9176CC2034D5}
		{CB2788F4-B388-42F9-AADD-D4400D0E0409} = {502CD62A-7DC4-4095-AABD-F69A71B89C25}
		{14FF1F7C-BBAB-431E-85EC-97AFB2E264AF} = {502CD62A-7DC4-4095-AABD-F69A71B89C25}
		{93978B02-4C77-4624-A982-2E428320F5B1} = {502CD62A-7DC4-4095-AABD-F69A71B89C25}
		{0F5A1A27-0B5B-4B9C-A292-91D60B4FEF46} = {502CD62A-7DC4-4095-AABD-F69A71B89C25}
		{7D29ED1A-3A6D-4D6E-ACB6-341C1C6F82B5} = {14FF1F7C-BBAB-431E-85EC-97AFB2E264AF}
		{91BAFBC1-6108-43E6-8A25-B7F1E7AED440} = {93978B02-4C77-4624-A982-2E428320F5B1}
		{4F065366-12A7-46D2-8B93-8D3732F750E2} = {CB2788F4-B388-42F9-AADD-D4400D0E0409}
		{7E691D59-459E-479B-BCC6-29FFB16DD4DD} = {0F5A1A27-0B5B-4B9C-A292-91D60B4FEF46}
		{49E90B7C-EE8C-4F98-81F4-6DC250ADB106} = {827281F7-33FC-4ACF-A195-886122BF3481}
		{245A7815-CECD-4A14-AD4E-310EB238DD40} = {49E90B7C-EE8C-4F98-81F4-6DC250ADB106}
		{3F318999-3741-42B8-A282-38F0B0EFC9F4} = {245A7815-CECD-4A14-AD4E-310EB238DD40}
		{E4DBE315-EC8F-4D48-A6DB-7B0FD6B4BBC9} = {2BDB71FA-3CB0-4E86-A2CE-9176CC2034D5}
		{DFF8C55D-1AB5-438E-B086-F2FC83C3E282} = {E4DBE315-EC8F-4D48-A6DB-7B0FD6B4BBC9}
		{D4465672-62EB-4E4F-B064-7A448606DF9B} = {DFF8C55D-1AB5-438E-B086-F2FC83C3E282}
		{9B30D0DF-3C94-4700-BFD6-FBE59197C49D} = {E4DBE315-EC8F-4D48-A6DB-7B0FD6B4BBC9}
		{EEE7D930-FB68-4DF2-8794-82399A507B0F} = {9B30D0DF-3C94-4700-BFD6-FBE59197C49D}
		{3F7A00D2-BE75-4239-94C3-A041FCB37C97} = {E4DBE315-EC8F-4D48-A6DB-7B0FD6B4BBC9}
		{082A4DA3-47A9-4EEF-8B79-B59AA3366C97} = {3F7A00D2-BE75-4239-94C3-A041FCB37C97}
		{16BFE4EF-C39F-4BAA-96A6-5E7819A23F1C} = {E4DBE315-EC8F-4D48-A6DB-7B0FD6B4BBC9}
		{1599EEE6-18EA-4335-9776-66D1EA975D03} = {16BFE4EF-C39F-4BAA-96A6-5E7819A23F1C}
		{5AD1DEDA-661D-4946-8771-643E875C0FC3} = {E4DBE315-EC8F-4D48-A6DB-7B0FD6B4BBC9}
		{6740329F-5994-4014-8ADA-9E37261150B7} = {5AD1DEDA-661D-4946-8771-643E875C0FC3}
		{DC179888-0B74-44B6-8FF8-EE1C1BC8E9BD} = {2BDB71FA-3CB0-4E86-A2CE-9176CC2034D5}
		{414F5A38-0C11-4571-80A6-722A47148F55} = {DC179888-0B74-44B6-8FF8-EE1C1BC8E9BD}
		{D4572006-DFEF-4686-8BDD-C215A5307571} = {DC179888-0B74-44B6-8FF8-EE1C1BC8E9BD}
		{BF6017EE-6E93-4DEC-97C3-286B4440C457} = {DC179888-0B74-44B6-8FF8-EE1C1BC8E9BD}
		{FBA7CF5D-1A33-4A99-B6E9-F5913D5CD197} = {DC179888-0B74-44B6-8FF8-EE1C1BC8E9BD}
		{65EC553F-5BFF-4822-AA9C-D7020E424B53} = {414F5A38-0C11-4571-80A6-722A47148F55}
		{13C1B2B6-6F04-410F-8311-EA9D93191F89} = {D4572006-DFEF-4686-8BDD-C215A5307571}
		{E93206DD-0A51-418C-B996-66862B3EE6CE} = {BF6017EE-6E93-4DEC-97C3-286B4440C457}
		{E087761E-D065-4533-B7A9-6EC28225DC1B} = {FBA7CF5D-1A33-4A99-B6E9-F5913D5CD197}
		{DB2C778A-CB0B-4F00-8575-C985697A7481} = {DC179888-0B74-44B6-8FF8-EE1C1BC8E9BD}
		{26E0604F-840E-48FC-A3E7-F84E95F90825} = {DB2C778A-CB0B-4F00-8575-C985697A7481}
		{06C6B435-299E-90FE-94A6-F5420DC4A9D3} = {827281F7-33FC-4ACF-A195-886122BF3481}
		{F9A28B3B-BAC9-08C3-8A09-0CD7A5B879B3} = {06C6B435-299E-90FE-94A6-F5420DC4A9D3}
		{215AE075-9078-4DA6-9A66-70E452DF11DE} = {F9A28B3B-BAC9-08C3-8A09-0CD7A5B879B3}
		{49966703-A052-86C2-5F6E-923741DDE3B3} = {BE3AF575-4C87-4A91-9DCF-66A73BB6F055}
		{7E3A4646-4BCE-4869-9685-931389F34642} = {49966703-A052-86C2-5F6E-923741DDE3B3}
		{89430709-6EB4-072C-9B61-C9FC019FF88E} = {2BDB71FA-3CB0-4E86-A2CE-9176CC2034D5}
		{BA782584-DF54-7F11-B464-411BDAFE13B0} = {89430709-6EB4-072C-9B61-C9FC019FF88E}
		{42F210C7-59F8-402F-85D6-00D7BC683CA5} = {BA782584-DF54-7F11-B464-411BDAFE13B0}
		{18E26556-A49D-4B48-E3EC-C7C5FBAC784E} = {89430709-6EB4-072C-9B61-C9FC019FF88E}
		{09955D72-E7EF-470B-B472-A965A3BF9750} = {18E26556-A49D-4B48-E3EC-C7C5FBAC784E}
		{8C2840F8-BF14-C48D-79BF-78FE2E53743F} = {89430709-6EB4-072C-9B61-C9FC019FF88E}
		{31D072C6-7F80-4DD1-A297-378B7C5B66E3} = {8C2840F8-BF14-C48D-79BF-78FE2E53743F}
		{9208C502-ACD7-EF91-7365-684A2065F17D} = {89430709-6EB4-072C-9B61-C9FC019FF88E}
		{0B11FCE2-8223-47B8-8CE4-8C2D2D9264A2} = {9208C502-ACD7-EF91-7365-684A2065F17D}
		{C565E042-9C32-444B-0425-FB82FD2CEB5F} = {89430709-6EB4-072C-9B61-C9FC019FF88E}
		{442CC49F-BD49-40E4-BF28-B1DF34C04DA5} = {C565E042-9C32-444B-0425-FB82FD2CEB5F}
		{2886F787-8680-B08B-8172-A331626FA021} = {827281F7-33FC-4ACF-A195-886122BF3481}
		{89AFA019-BF3F-2457-5701-A62AD593E066} = {2886F787-8680-B08B-8172-A331626FA021}
		{5E0E6995-FE9A-47EC-A1E7-2FB64D648205} = {89AFA019-BF3F-2457-5701-A62AD593E066}
		{A36F4F22-8636-7096-9E5B-890FA79F48BB} = {BE3AF575-4C87-4A91-9DCF-66A73BB6F055}
		{7F25B413-AEF5-43D0-AE85-88AC41C76962} = {A36F4F22-8636-7096-9E5B-890FA79F48BB}
		{FE8C1504-0BE1-4576-9EB9-635412B1CE80} = {43B77451-CBDA-4B62-B049-BA7E1462723E}
		{39BC7CB9-A0B6-4733-8D8B-C32071078635} = {FE8C1504-0BE1-4576-9EB9-635412B1CE80}
	EndGlobalSection
	GlobalSection(ExtensibilityGlobals) = postSolution
		SolutionGuid = {62F99306-E0EA-47D3-A6A7-7B0499A189B8}
	EndGlobalSection
EndGlobal
