
Microsoft Visual Studio Solution File, Format Version 12.00
# Visual Studio Version 17
VisualStudioVersion = 17.14.36401.2
MinimumVisualStudioVersion = 10.0.40219.1
Project("{FAE04EC0-301F-11D3-BF4B-00C04F79EFBC}") = "LabViroMol.Api", "src\LabViroMol.Api\LabViroMol.Api.csproj", "{E5B5ED4C-53A5-4F72-9B81-F7626EDA3ECA}"
EndProject
Project("{FAE04EC0-301F-11D3-BF4B-00C04F79EFBC}") = "LabViroMol.Modules.Inventory.Domain", "src\Modules\Inventory\Domain\LabViroMol.Modules.Inventory.Domain.csproj", "{C3D4E5F6-789A-01BC-DEF0-C3D4E5F6789A}"
EndProject
Project("{FAE04EC0-301F-11D3-BF4B-00C04F79EFBC}") = "LabViroMol.Modules.Shared.Abstractions", "src\Modules\Shared\Abstractions\LabViroMol.Modules.Shared.Abstractions.csproj", "{D4E5F6A7-89AB-01CD-EF01-D4E5F6A789AB}"
EndProject
Project("{2150E333-8FDC-42A3-9474-1A3956D46DE8}") = "src", "src", "{02EA681E-C7D8-13C7-8484-4AC65E1B71E8}"
EndProject
Project("{2150E333-8FDC-42A3-9474-1A3956D46DE8}") = "tests", "tests", "{EBE93496-1753-4862-9A63-22E025E59F2C}"
EndProject
Project("{2150E333-8FDC-42A3-9474-1A3956D46DE8}") = "Modules", "Modules", "{2BDB71FA-3CB0-4E86-A2CE-9176CC2034D5}"
EndProject
Project("{2150E333-8FDC-42A3-9474-1A3956D46DE8}") = "Inventory", "Inventory", "{A1B2C3D4-5678-90AB-CDEF-A1B2C3D45678}"
EndProject
Project("{2150E333-8FDC-42A3-9474-1A3956D46DE8}") = "Shared", "Shared", "{B2C3D4E5-6789-01AB-CDEF-B2C3D4E56789}"
EndProject
Project("{2150E333-8FDC-42A3-9474-1A3956D46DE8}") = "Application", "Application", "{A6F94C66-2430-453E-A760-31562F7D154E}"
EndProject
Project("{2150E333-8FDC-42A3-9474-1A3956D46DE8}") = "Domain", "Domain", "{E5F6A7B8-9ABC-01DE-F123-456789ABCDEF}"
EndProject
Project("{2150E333-8FDC-42A3-9474-1A3956D46DE8}") = "Abstractions", "Abstractions", "{F6A7B8C9-ABCD-01EF-2345-678901ABCDEF}"
EndProject
Project("{FAE04EC0-301F-11D3-BF4B-00C04F79EFBC}") = "LabViroMol.Modules.Inventory.Application", "src\Modules\Inventory\Application\LabViroMol.Modules.Inventory.Application.csproj", "{9AE6F106-58D9-4652-9462-A56CED2B5920}"
EndProject
Project("{2150E333-8FDC-42A3-9474-1A3956D46DE8}") = "Kernel", "Kernel", "{46023E72-DF44-4994-9A07-0FE30A50824F}"
EndProject
Project("{FAE04EC0-301F-11D3-BF4B-00C04F79EFBC}") = "Kernel", "src\Modules\Shared\Kernel\Kernel.csproj", "{2AA8C983-59AF-4C0F-A326-C2424070D7DB}"
EndProject
Project("{2150E333-8FDC-42A3-9474-1A3956D46DE8}") = "UnitTests", "UnitTests", "{0359F9E7-8135-4077-97FF-5FDE2D80C1C6}"
EndProject
Project("{2150E333-8FDC-42A3-9474-1A3956D46DE8}") = "IntegrationTests", "IntegrationTests", "{1257C29E-61F1-4854-9AE8-02D0FA1A6F8E}"
EndProject
Project("{2150E333-8FDC-42A3-9474-1A3956D46DE8}") = "Modules", "Modules", "{827281F7-33FC-4ACF-A195-886122BF3481}"
EndProject
Project("{2150E333-8FDC-42A3-9474-1A3956D46DE8}") = "Inventory", "Inventory", "{D57B02AE-F9D2-46FE-946F-7D37A3056665}"
EndProject
Project("{FAE04EC0-301F-11D3-BF4B-00C04F79EFBC}") = "LabViroMol.Modules.Inventory.Domain.UnitTests", "tests\UnitTests\Modules\Inventory\Domain\LabViroMol.Modules.Inventory.Domain.UnitTests.csproj", "{AEE75B79-ACD2-40EA-A35E-78076F43A9DA}"
EndProject
Project("{2150E333-8FDC-42A3-9474-1A3956D46DE8}") = "Domain", "Domain", "{0785196D-03EF-481C-B8A7-05083CAEC3A3}"
EndProject
Project("{2150E333-8FDC-42A3-9474-1A3956D46DE8}") = "Presentation", "Presentation", "{3EFBF16B-4D16-47F2-A33B-4F1948796BCA}"
EndProject
Project("{FAE04EC0-301F-11D3-BF4B-00C04F79EFBC}") = "LabViroMol.Modules.Inventory.Presentation", "src\Modules\Inventory\Presentation\LabViroMol.Modules.Inventory.Presentation.csproj", "{F53AC37E-3D2E-435B-9E4C-1F371758C254}"
EndProject
Project("{2150E333-8FDC-42A3-9474-1A3956D46DE8}") = "Infrastructure", "Infrastructure", "{88A77EAB-D766-4841-9E64-7B716E84CF18}"
EndProject
Project("{FAE04EC0-301F-11D3-BF4B-00C04F79EFBC}") = "LabViroMol.Modules.Inventory.Infrastructure", "src\Modules\Inventory\Infrastructure\LabViroMol.Modules.Inventory.Infrastructure.csproj", "{1FBD6CEC-15CE-4FA5-944A-C01B48C9EA8A}"
EndProject
Project("{2150E333-8FDC-42A3-9474-1A3956D46DE8}") = "Presentation", "Presentation", "{2CAA6AD1-9760-4834-B813-0C3C6E41BE93}"
EndProject
Project("{FAE04EC0-301F-11D3-BF4B-00C04F79EFBC}") = "LabViroMol.Modules.Shared.Presentation", "src\Modules\Shared\Presentation\LabViroMol.Modules.Shared.Presentation.csproj", "{41CAF201-C4C1-4324-8493-3D27D81E3970}"
EndProject
Project("{2150E333-8FDC-42A3-9474-1A3956D46DE8}") = "Modules", "Modules", "{BE3AF575-4C87-4A91-9DCF-66A73BB6F055}"
EndProject
Project("{2150E333-8FDC-42A3-9474-1A3956D46DE8}") = "Inventory", "Inventory", "{7B0DEB8A-C1A1-4782-B34B-E185F8EE6047}"
EndProject
Project("{FAE04EC0-301F-11D3-BF4B-00C04F79EFBC}") = "LabViroMol.Modules.Inventory.IntegrationTests", "tests\IntegrationTests\Modules\Inventory\LabViroMol.Modules.Inventory.IntegrationTests.csproj", "{93E7CF92-C596-4AE1-BEFD-93BF0AAC3C82}"
EndProject
Project("{2150E333-8FDC-42A3-9474-1A3956D46DE8}") = "Scheduling", "Scheduling", "{43B77451-CBDA-4B62-B049-BA7E1462723E}"
EndProject
Project("{2150E333-8FDC-42A3-9474-1A3956D46DE8}") = "Domain", "Domain", "{593633F8-84CF-4FD6-A908-D7A88E6DC5A9}"
EndProject
Project("{FAE04EC0-301F-11D3-BF4B-00C04F79EFBC}") = "LabViroMol.Modules.Scheduling.Domain", "src\Modules\Scheduling\Domain\LabViroMol.Modules.Scheduling.Domain\LabViroMol.Modules.Scheduling.Domain.csproj", "{F4A14410-2A57-4A06-9A46-80D7318E0511}"
EndProject
Project("{2150E333-8FDC-42A3-9474-1A3956D46DE8}") = "Infrastructure", "Infrastructure", "{9C14036B-8292-4FA8-BBC2-F1F3A01490CA}"
EndProject
Project("{FAE04EC0-301F-11D3-BF4B-00C04F79EFBC}") = "LabViroMol.Modules.Scheduling.Infrastructure", "src\Modules\Scheduling\Infrastructure\LabViroMol.Modules.Scheduling.Infrastructure\LabViroMol.Modules.Scheduling.Infrastructure.csproj", "{3BB58F69-DB52-467D-B81D-888F426C3DA7}"
EndProject
Project("{2150E333-8FDC-42A3-9474-1A3956D46DE8}") = "Presentation", "Presentation", "{2E62F6DB-B673-45EB-BEA7-677B80FB43D3}"
EndProject
Project("{FAE04EC0-301F-11D3-BF4B-00C04F79EFBC}") = "LabViroMol.Modules.Scheduling.Presentation", "src\Modules\Scheduling\Presentation\LabViroMol.Modules.Scheduling.Presentation\LabViroMol.Modules.Scheduling.Presentation.csproj", "{E05E682C-4116-4DA7-B319-DB2892593D32}"
EndProject
Project("{2150E333-8FDC-42A3-9474-1A3956D46DE8}") = "Application", "Application", "{6E4C84AC-074B-40E8-ADA3-D37F10DEE3CB}"
EndProject
Project("{FAE04EC0-301F-11D3-BF4B-00C04F79EFBC}") = "LabViroMol.Modules.Scheduling.Application", "src\Modules\Scheduling\Application\LabViroMol.Modules.Scheduling.Application\LabViroMol.Modules.Scheduling.Application.csproj", "{DDDE06F8-A7BC-49C8-8659-7B9831F8A12A}"
EndProject
Project("{2150E333-8FDC-42A3-9474-1A3956D46DE8}") = "Domain", "Domain", "{31BE1A07-2637-484C-9DB8-049CC8D1D2B3}"
EndProject
Project("{FAE04EC0-301F-11D3-BF4B-00C04F79EFBC}") = "LabViroMol.Modules.Shared.Domain", "src\Modules\Shared\Domain\LabViroMol.Modules.Shared.Domain.csproj", "{230C2D3E-D0FE-403C-8D16-465AE4ECE0B2}"
EndProject
Project("{2150E333-8FDC-42A3-9474-1A3956D46DE8}") = "Scheduling", "Scheduling", "{21301EEF-6450-424D-BF3F-63E66A0472A6}"
EndProject
Project("{2150E333-8FDC-42A3-9474-1A3956D46DE8}") = "Domain", "Domain", "{00B9D33B-D4A2-49EB-AE75-7CDCA557D317}"
EndProject
Project("{FAE04EC0-301F-11D3-BF4B-00C04F79EFBC}") = "LabViroMol.Modules.Scheduling.Domain.UnitTests", "tests\UnitTests\Modules\Scheduling\LabViroMol.Modules.Scheduling.Domain.UnitTests\LabViroMol.Modules.Scheduling.Domain.UnitTests.csproj", "{67E4CC6D-9CD7-4EFA-9E4B-2986FCDB51E1}"
EndProject
Global
	GlobalSection(SolutionConfigurationPlatforms) = preSolution
		Debug|Any CPU = Debug|Any CPU
		Release|Any CPU = Release|Any CPU
	EndGlobalSection
	GlobalSection(ProjectConfigurationPlatforms) = postSolution
		{E5B5ED4C-53A5-4F72-9B81-F7626EDA3ECA}.Debug|Any CPU.ActiveCfg = Debug|Any CPU
		{E5B5ED4C-53A5-4F72-9B81-F7626EDA3ECA}.Debug|Any CPU.Build.0 = Debug|Any CPU
		{E5B5ED4C-53A5-4F72-9B81-F7626EDA3ECA}.Release|Any CPU.ActiveCfg = Release|Any CPU
		{E5B5ED4C-53A5-4F72-9B81-F7626EDA3ECA}.Release|Any CPU.Build.0 = Release|Any CPU
		{C3D4E5F6-789A-01BC-DEF0-C3D4E5F6789A}.Debug|Any CPU.ActiveCfg = Debug|Any CPU
		{C3D4E5F6-789A-01BC-DEF0-C3D4E5F6789A}.Debug|Any CPU.Build.0 = Debug|Any CPU
		{C3D4E5F6-789A-01BC-DEF0-C3D4E5F6789A}.Release|Any CPU.ActiveCfg = Release|Any CPU
		{C3D4E5F6-789A-01BC-DEF0-C3D4E5F6789A}.Release|Any CPU.Build.0 = Release|Any CPU
		{D4E5F6A7-89AB-01CD-EF01-D4E5F6A789AB}.Debug|Any CPU.ActiveCfg = Debug|Any CPU
		{D4E5F6A7-89AB-01CD-EF01-D4E5F6A789AB}.Debug|Any CPU.Build.0 = Debug|Any CPU
		{D4E5F6A7-89AB-01CD-EF01-D4E5F6A789AB}.Release|Any CPU.ActiveCfg = Release|Any CPU
		{D4E5F6A7-89AB-01CD-EF01-D4E5F6A789AB}.Release|Any CPU.Build.0 = Release|Any CPU
		{9AE6F106-58D9-4652-9462-A56CED2B5920}.Debug|Any CPU.ActiveCfg = Debug|Any CPU
		{9AE6F106-58D9-4652-9462-A56CED2B5920}.Debug|Any CPU.Build.0 = Debug|Any CPU
		{9AE6F106-58D9-4652-9462-A56CED2B5920}.Release|Any CPU.ActiveCfg = Release|Any CPU
		{9AE6F106-58D9-4652-9462-A56CED2B5920}.Release|Any CPU.Build.0 = Release|Any CPU
		{2AA8C983-59AF-4C0F-A326-C2424070D7DB}.Debug|Any CPU.ActiveCfg = Debug|Any CPU
		{2AA8C983-59AF-4C0F-A326-C2424070D7DB}.Debug|Any CPU.Build.0 = Debug|Any CPU
		{2AA8C983-59AF-4C0F-A326-C2424070D7DB}.Release|Any CPU.ActiveCfg = Release|Any CPU
		{2AA8C983-59AF-4C0F-A326-C2424070D7DB}.Release|Any CPU.Build.0 = Release|Any CPU
		{AEE75B79-ACD2-40EA-A35E-78076F43A9DA}.Debug|Any CPU.ActiveCfg = Debug|Any CPU
		{AEE75B79-ACD2-40EA-A35E-78076F43A9DA}.Debug|Any CPU.Build.0 = Debug|Any CPU
		{AEE75B79-ACD2-40EA-A35E-78076F43A9DA}.Release|Any CPU.ActiveCfg = Release|Any CPU
		{AEE75B79-ACD2-40EA-A35E-78076F43A9DA}.Release|Any CPU.Build.0 = Release|Any CPU
		{F53AC37E-3D2E-435B-9E4C-1F371758C254}.Debug|Any CPU.ActiveCfg = Debug|Any CPU
		{F53AC37E-3D2E-435B-9E4C-1F371758C254}.Debug|Any CPU.Build.0 = Debug|Any CPU
		{F53AC37E-3D2E-435B-9E4C-1F371758C254}.Release|Any CPU.ActiveCfg = Release|Any CPU
		{F53AC37E-3D2E-435B-9E4C-1F371758C254}.Release|Any CPU.Build.0 = Release|Any CPU
		{1FBD6CEC-15CE-4FA5-944A-C01B48C9EA8A}.Debug|Any CPU.ActiveCfg = Debug|Any CPU
		{1FBD6CEC-15CE-4FA5-944A-C01B48C9EA8A}.Debug|Any CPU.Build.0 = Debug|Any CPU
		{1FBD6CEC-15CE-4FA5-944A-C01B48C9EA8A}.Release|Any CPU.ActiveCfg = Release|Any CPU
		{1FBD6CEC-15CE-4FA5-944A-C01B48C9EA8A}.Release|Any CPU.Build.0 = Release|Any CPU
		{41CAF201-C4C1-4324-8493-3D27D81E3970}.Debug|Any CPU.ActiveCfg = Debug|Any CPU
		{41CAF201-C4C1-4324-8493-3D27D81E3970}.Debug|Any CPU.Build.0 = Debug|Any CPU
		{41CAF201-C4C1-4324-8493-3D27D81E3970}.Release|Any CPU.ActiveCfg = Release|Any CPU
		{41CAF201-C4C1-4324-8493-3D27D81E3970}.Release|Any CPU.Build.0 = Release|Any CPU
		{93E7CF92-C596-4AE1-BEFD-93BF0AAC3C82}.Debug|Any CPU.ActiveCfg = Debug|Any CPU
		{93E7CF92-C596-4AE1-BEFD-93BF0AAC3C82}.Debug|Any CPU.Build.0 = Debug|Any CPU
		{93E7CF92-C596-4AE1-BEFD-93BF0AAC3C82}.Release|Any CPU.ActiveCfg = Release|Any CPU
		{93E7CF92-C596-4AE1-BEFD-93BF0AAC3C82}.Release|Any CPU.Build.0 = Release|Any CPU
		{F4A14410-2A57-4A06-9A46-80D7318E0511}.Debug|Any CPU.ActiveCfg = Debug|Any CPU
		{F4A14410-2A57-4A06-9A46-80D7318E0511}.Debug|Any CPU.Build.0 = Debug|Any CPU
		{F4A14410-2A57-4A06-9A46-80D7318E0511}.Release|Any CPU.ActiveCfg = Release|Any CPU
		{F4A14410-2A57-4A06-9A46-80D7318E0511}.Release|Any CPU.Build.0 = Release|Any CPU
		{3BB58F69-DB52-467D-B81D-888F426C3DA7}.Debug|Any CPU.ActiveCfg = Debug|Any CPU
		{3BB58F69-DB52-467D-B81D-888F426C3DA7}.Debug|Any CPU.Build.0 = Debug|Any CPU
		{3BB58F69-DB52-467D-B81D-888F426C3DA7}.Release|Any CPU.ActiveCfg = Release|Any CPU
		{3BB58F69-DB52-467D-B81D-888F426C3DA7}.Release|Any CPU.Build.0 = Release|Any CPU
		{E05E682C-4116-4DA7-B319-DB2892593D32}.Debug|Any CPU.ActiveCfg = Debug|Any CPU
		{E05E682C-4116-4DA7-B319-DB2892593D32}.Debug|Any CPU.Build.0 = Debug|Any CPU
		{E05E682C-4116-4DA7-B319-DB2892593D32}.Release|Any CPU.ActiveCfg = Release|Any CPU
		{E05E682C-4116-4DA7-B319-DB2892593D32}.Release|Any CPU.Build.0 = Release|Any CPU
		{DDDE06F8-A7BC-49C8-8659-7B9831F8A12A}.Debug|Any CPU.ActiveCfg = Debug|Any CPU
		{DDDE06F8-A7BC-49C8-8659-7B9831F8A12A}.Debug|Any CPU.Build.0 = Debug|Any CPU
		{DDDE06F8-A7BC-49C8-8659-7B9831F8A12A}.Release|Any CPU.ActiveCfg = Release|Any CPU
		{DDDE06F8-A7BC-49C8-8659-7B9831F8A12A}.Release|Any CPU.Build.0 = Release|Any CPU
		{230C2D3E-D0FE-403C-8D16-465AE4ECE0B2}.Debug|Any CPU.ActiveCfg = Debug|Any CPU
		{230C2D3E-D0FE-403C-8D16-465AE4ECE0B2}.Debug|Any CPU.Build.0 = Debug|Any CPU
		{230C2D3E-D0FE-403C-8D16-465AE4ECE0B2}.Release|Any CPU.ActiveCfg = Release|Any CPU
		{230C2D3E-D0FE-403C-8D16-465AE4ECE0B2}.Release|Any CPU.Build.0 = Release|Any CPU
		{67E4CC6D-9CD7-4EFA-9E4B-2986FCDB51E1}.Debug|Any CPU.ActiveCfg = Debug|Any CPU
		{67E4CC6D-9CD7-4EFA-9E4B-2986FCDB51E1}.Debug|Any CPU.Build.0 = Debug|Any CPU
		{67E4CC6D-9CD7-4EFA-9E4B-2986FCDB51E1}.Release|Any CPU.ActiveCfg = Release|Any CPU
		{67E4CC6D-9CD7-4EFA-9E4B-2986FCDB51E1}.Release|Any CPU.Build.0 = Release|Any CPU
	EndGlobalSection
	GlobalSection(SolutionProperties) = preSolution
		HideSolutionNode = FALSE
	EndGlobalSection
	GlobalSection(NestedProjects) = preSolution
		{E5B5ED4C-53A5-4F72-9B81-F7626EDA3ECA} = {02EA681E-C7D8-13C7-8484-4AC65E1B71E8}
		{2BDB71FA-3CB0-4E86-A2CE-9176CC2034D5} = {02EA681E-C7D8-13C7-8484-4AC65E1B71E8}
		{A1B2C3D4-5678-90AB-CDEF-A1B2C3D45678} = {2BDB71FA-3CB0-4E86-A2CE-9176CC2034D5}
		{B2C3D4E5-6789-01AB-CDEF-B2C3D4E56789} = {2BDB71FA-3CB0-4E86-A2CE-9176CC2034D5}
		{E5F6A7B8-9ABC-01DE-F123-456789ABCDEF} = {A1B2C3D4-5678-90AB-CDEF-A1B2C3D45678}
		{A6F94C66-2430-453E-A760-31562F7D154E} = {A1B2C3D4-5678-90AB-CDEF-A1B2C3D45678}
		{C3D4E5F6-789A-01BC-DEF0-C3D4E5F6789A} = {E5F6A7B8-9ABC-01DE-F123-456789ABCDEF}
		{F6A7B8C9-ABCD-01EF-2345-678901ABCDEF} = {B2C3D4E5-6789-01AB-CDEF-B2C3D4E56789}
		{D4E5F6A7-89AB-01CD-EF01-D4E5F6A789AB} = {F6A7B8C9-ABCD-01EF-2345-678901ABCDEF}
		{9AE6F106-58D9-4652-9462-A56CED2B5920} = {A6F94C66-2430-453E-A760-31562F7D154E}
		{46023E72-DF44-4994-9A07-0FE30A50824F} = {B2C3D4E5-6789-01AB-CDEF-B2C3D4E56789}
		{2AA8C983-59AF-4C0F-A326-C2424070D7DB} = {46023E72-DF44-4994-9A07-0FE30A50824F}
		{0359F9E7-8135-4077-97FF-5FDE2D80C1C6} = {EBE93496-1753-4862-9A63-22E025E59F2C}
		{1257C29E-61F1-4854-9AE8-02D0FA1A6F8E} = {EBE93496-1753-4862-9A63-22E025E59F2C}
		{827281F7-33FC-4ACF-A195-886122BF3481} = {0359F9E7-8135-4077-97FF-5FDE2D80C1C6}
		{D57B02AE-F9D2-46FE-946F-7D37A3056665} = {827281F7-33FC-4ACF-A195-886122BF3481}
		{0785196D-03EF-481C-B8A7-05083CAEC3A3} = {D57B02AE-F9D2-46FE-946F-7D37A3056665}
		{AEE75B79-ACD2-40EA-A35E-78076F43A9DA} = {0785196D-03EF-481C-B8A7-05083CAEC3A3}
		{3EFBF16B-4D16-47F2-A33B-4F1948796BCA} = {A1B2C3D4-5678-90AB-CDEF-A1B2C3D45678}
		{F53AC37E-3D2E-435B-9E4C-1F371758C254} = {3EFBF16B-4D16-47F2-A33B-4F1948796BCA}
		{88A77EAB-D766-4841-9E64-7B716E84CF18} = {A1B2C3D4-5678-90AB-CDEF-A1B2C3D45678}
		{1FBD6CEC-15CE-4FA5-944A-C01B48C9EA8A} = {88A77EAB-D766-4841-9E64-7B716E84CF18}
		{2CAA6AD1-9760-4834-B813-0C3C6E41BE93} = {B2C3D4E5-6789-01AB-CDEF-B2C3D4E56789}
		{41CAF201-C4C1-4324-8493-3D27D81E3970} = {2CAA6AD1-9760-4834-B813-0C3C6E41BE93}
		{BE3AF575-4C87-4A91-9DCF-66A73BB6F055} = {1257C29E-61F1-4854-9AE8-02D0FA1A6F8E}
		{7B0DEB8A-C1A1-4782-B34B-E185F8EE6047} = {BE3AF575-4C87-4A91-9DCF-66A73BB6F055}
		{93E7CF92-C596-4AE1-BEFD-93BF0AAC3C82} = {7B0DEB8A-C1A1-4782-B34B-E185F8EE6047}
		{43B77451-CBDA-4B62-B049-BA7E1462723E} = {2BDB71FA-3CB0-4E86-A2CE-9176CC2034D5}
		{593633F8-84CF-4FD6-A908-D7A88E6DC5A9} = {43B77451-CBDA-4B62-B049-BA7E1462723E}
		{F4A14410-2A57-4A06-9A46-80D7318E0511} = {593633F8-84CF-4FD6-A908-D7A88E6DC5A9}
		{9C14036B-8292-4FA8-BBC2-F1F3A01490CA} = {43B77451-CBDA-4B62-B049-BA7E1462723E}
		{3BB58F69-DB52-467D-B81D-888F426C3DA7} = {9C14036B-8292-4FA8-BBC2-F1F3A01490CA}
		{2E62F6DB-B673-45EB-BEA7-677B80FB43D3} = {43B77451-CBDA-4B62-B049-BA7E1462723E}
		{E05E682C-4116-4DA7-B319-DB2892593D32} = {2E62F6DB-B673-45EB-BEA7-677B80FB43D3}
		{6E4C84AC-074B-40E8-ADA3-D37F10DEE3CB} = {43B77451-CBDA-4B62-B049-BA7E1462723E}
		{DDDE06F8-A7BC-49C8-8659-7B9831F8A12A} = {6E4C84AC-074B-40E8-ADA3-D37F10DEE3CB}
		{31BE1A07-2637-484C-9DB8-049CC8D1D2B3} = {B2C3D4E5-6789-01AB-CDEF-B2C3D4E56789}
		{230C2D3E-D0FE-403C-8D16-465AE4ECE0B2} = {31BE1A07-2637-484C-9DB8-049CC8D1D2B3}
		{21301EEF-6450-424D-BF3F-63E66A0472A6} = {827281F7-33FC-4ACF-A195-886122BF3481}
		{00B9D33B-D4A2-49EB-AE75-7CDCA557D317} = {21301EEF-6450-424D-BF3F-63E66A0472A6}
		{67E4CC6D-9CD7-4EFA-9E4B-2986FCDB51E1} = {00B9D33B-D4A2-49EB-AE75-7CDCA557D317}
	EndGlobalSection
	GlobalSection(ExtensibilityGlobals) = postSolution
		SolutionGuid = {62F99306-E0EA-47D3-A6A7-7B0499A189B8}
	EndGlobalSection
EndGlobal
